// !$*UTF8*$!
{
	archiveVersion = 1;
	classes = {
	};
	objectVersion = 52;
	objects = {

/* Begin PBXBuildFile section */
		450C7B4E25C489E200764496 /* PositionConstraintFactory.swift in Sources */ = {isa = PBXBuildFile; fileRef = 450C7B4B25C489E200764496 /* PositionConstraintFactory.swift */; };
		450C7B4F25C489E200764496 /* DimensionConstraintFactory.swift in Sources */ = {isa = PBXBuildFile; fileRef = 450C7B4C25C489E200764496 /* DimensionConstraintFactory.swift */; };
		450C7B5025C489E200764496 /* MarginConstraintFactory.swift in Sources */ = {isa = PBXBuildFile; fileRef = 450C7B4D25C489E200764496 /* MarginConstraintFactory.swift */; };
		450C7B5825C48A4F00764496 /* RangeSelectedCalculator.swift in Sources */ = {isa = PBXBuildFile; fileRef = 450C7B5525C48A4F00764496 /* RangeSelectedCalculator.swift */; };
		450C7B5925C48A4F00764496 /* StepCalculator.swift in Sources */ = {isa = PBXBuildFile; fileRef = 450C7B5625C48A4F00764496 /* StepCalculator.swift */; };
		450C7B5A25C48A4F00764496 /* KnobsHitTest.swift in Sources */ = {isa = PBXBuildFile; fileRef = 450C7B5725C48A4F00764496 /* KnobsHitTest.swift */; };
		450C7B6525C48A7500764496 /* Progress.swift in Sources */ = {isa = PBXBuildFile; fileRef = 450C7B5F25C48A7400764496 /* Progress.swift */; };
		450C7B6625C48A7500764496 /* RangeUISlider.swift in Sources */ = {isa = PBXBuildFile; fileRef = 450C7B6025C48A7400764496 /* RangeUISlider.swift */; };
		450C7B6725C48A7500764496 /* Bar.swift in Sources */ = {isa = PBXBuildFile; fileRef = 450C7B6125C48A7400764496 /* Bar.swift */; };
		450C7B6825C48A7500764496 /* RangeSlider.swift in Sources */ = {isa = PBXBuildFile; fileRef = 450C7B6225C48A7400764496 /* RangeSlider.swift */; };
		450C7B6925C48A7500764496 /* Gradient.swift in Sources */ = {isa = PBXBuildFile; fileRef = 450C7B6325C48A7400764496 /* Gradient.swift */; };
		450C7B6A25C48A7500764496 /* Knob.swift in Sources */ = {isa = PBXBuildFile; fileRef = 450C7B6425C48A7400764496 /* Knob.swift */; };
		450C7B7525C490C100764496 /* ConstraintViews.swift in Sources */ = {isa = PBXBuildFile; fileRef = 450C7B7425C490C100764496 /* ConstraintViews.swift */; };
		451AF80325C6E0A900DD37CE /* RangeSlider+Modifiers.swift in Sources */ = {isa = PBXBuildFile; fileRef = 451AF80225C6E0A900DD37CE /* RangeSlider+Modifiers.swift */; };
		451AF80C25C6E32F00DD37CE /* KnobProperties.swift in Sources */ = {isa = PBXBuildFile; fileRef = 451AF80B25C6E32F00DD37CE /* KnobProperties.swift */; };
		451AF81125C6E36F00DD37CE /* Dimensions.swift in Sources */ = {isa = PBXBuildFile; fileRef = 451AF81025C6E36F00DD37CE /* Dimensions.swift */; };
		4520C27125A349F00018042D /* SwiftUIHostingViewController.swift in Sources */ = {isa = PBXBuildFile; fileRef = 4520C27025A349F00018042D /* SwiftUIHostingViewController.swift */; };
		4538955425C5D62700389905 /* RangeUISliderCreator.swift in Sources */ = {isa = PBXBuildFile; fileRef = 4538955325C5D62700389905 /* RangeUISliderCreator.swift */; };
		4538956F25C5DF8700389905 /* KnobPosition.swift in Sources */ = {isa = PBXBuildFile; fileRef = 4538956E25C5DF8700389905 /* KnobPosition.swift */; };
		455BF125259B44F80026BE56 /* InsideTableViewTests.swift in Sources */ = {isa = PBXBuildFile; fileRef = 455BF124259B44F80026BE56 /* InsideTableViewTests.swift */; };
		455BF12E259B4B2D0026BE56 /* ProgrammaticKnobChangeTests.swift in Sources */ = {isa = PBXBuildFile; fileRef = 455BF12D259B4B2D0026BE56 /* ProgrammaticKnobChangeTests.swift */; };
		4571869425A5CFE300541D67 /* RangeSliderCoordinator.swift in Sources */ = {isa = PBXBuildFile; fileRef = 4571869325A5CFE300541D67 /* RangeSliderCoordinator.swift */; };
		4571869925A5D01500541D67 /* RangeSliderSettings.swift in Sources */ = {isa = PBXBuildFile; fileRef = 4571869825A5D01500541D67 /* RangeSliderSettings.swift */; };
		45949DBC25C6CB5300F09F3B /* ConstraintFactory.swift in Sources */ = {isa = PBXBuildFile; fileRef = 45949DBB25C6CB5300F09F3B /* ConstraintFactory.swift */; };
		45949DC125C6CBA700F09F3B /* ConstraintAdditionalInformations.swift in Sources */ = {isa = PBXBuildFile; fileRef = 45949DC025C6CBA700F09F3B /* ConstraintAdditionalInformations.swift */; };
		4596308525C7ECE500FCCCE7 /* ProgressViews.swift in Sources */ = {isa = PBXBuildFile; fileRef = 4596308425C7ECE500FCCCE7 /* ProgressViews.swift */; };
		459630AA25C87EE400FCCCE7 /* KnobGesturesProperties.swift in Sources */ = {isa = PBXBuildFile; fileRef = 459630A925C87EE400FCCCE7 /* KnobGesturesProperties.swift */; };
		459630B825C8841B00FCCCE7 /* RangeUISliderSetup.swift in Sources */ = {isa = PBXBuildFile; fileRef = 459630B725C8841B00FCCCE7 /* RangeUISliderSetup.swift */; };
		459630BD25C884B000FCCCE7 /* KnobsProperties.swift in Sources */ = {isa = PBXBuildFile; fileRef = 459630BC25C884B000FCCCE7 /* KnobsProperties.swift */; };
		459630C525C8854D00FCCCE7 /* ProgressViewsProperties.swift in Sources */ = {isa = PBXBuildFile; fileRef = 459630C425C8854D00FCCCE7 /* ProgressViewsProperties.swift */; };
		459630CD25C89C0E00FCCCE7 /* ProgressViewsPropertiesFactory.swift in Sources */ = {isa = PBXBuildFile; fileRef = 459630CC25C89C0E00FCCCE7 /* ProgressViewsPropertiesFactory.swift */; };
		459630D525C89CC500FCCCE7 /* KnobsPropertiesFactory.swift in Sources */ = {isa = PBXBuildFile; fileRef = 459630D425C89CC500FCCCE7 /* KnobsPropertiesFactory.swift */; };
		459630DD25C8A26100FCCCE7 /* GradientProperties.swift in Sources */ = {isa = PBXBuildFile; fileRef = 459630DC25C8A26100FCCCE7 /* GradientProperties.swift */; };
		459630E525C8A2DE00FCCCE7 /* GradientColors.swift in Sources */ = {isa = PBXBuildFile; fileRef = 459630E425C8A2DE00FCCCE7 /* GradientColors.swift */; };
		459630ED25C8A32D00FCCCE7 /* GradientPoints.swift in Sources */ = {isa = PBXBuildFile; fileRef = 459630EC25C8A32D00FCCCE7 /* GradientPoints.swift */; };
		459CBEB7259B638300FCA5AB /* ProgrammaticScaleChangeTests.swift in Sources */ = {isa = PBXBuildFile; fileRef = 459CBEB6259B638200FCA5AB /* ProgrammaticScaleChangeTests.swift */; };
		459CBEF7259B79D000FCA5AB /* RangeSelectedCalculatorTest.swift in Sources */ = {isa = PBXBuildFile; fileRef = 459CBEF6259B79D000FCA5AB /* RangeSelectedCalculatorTest.swift */; };
		459CBEF9259B79D000FCA5AB /* RangeUISlider.framework in Frameworks */ = {isa = PBXBuildFile; fileRef = 45E215241E8E812E00F0B8B9 /* RangeUISlider.framework */; platformFilter = ios; };
		459CBF1C259B7FD700FCA5AB /* StepCalculatorTest.swift in Sources */ = {isa = PBXBuildFile; fileRef = 459CBF1B259B7FD700FCA5AB /* StepCalculatorTest.swift */; };
		45D2B83725C5CBD500DFD838 /* ConstraintAttributes.swift in Sources */ = {isa = PBXBuildFile; fileRef = 45D2B83625C5CBD500DFD838 /* ConstraintAttributes.swift */; };
		45E215291E8E812E00F0B8B9 /* RangeUISlider.h in Headers */ = {isa = PBXBuildFile; fileRef = 45E215271E8E812E00F0B8B9 /* RangeUISlider.h */; settings = {ATTRIBUTES = (Public, ); }; };
		45E9D58E25C6F1BF00FE6E3F /* EqualRelationConstraintFactory.swift in Sources */ = {isa = PBXBuildFile; fileRef = 45E9D58D25C6F1BF00FE6E3F /* EqualRelationConstraintFactory.swift */; };
		45E9D59725C6F94200FE6E3F /* BarProperties.swift in Sources */ = {isa = PBXBuildFile; fileRef = 45E9D59625C6F94200FE6E3F /* BarProperties.swift */; };
		45E9D59F25C6FADC00FE6E3F /* ProgressProperties.swift in Sources */ = {isa = PBXBuildFile; fileRef = 45E9D59E25C6FADC00FE6E3F /* ProgressProperties.swift */; };
		45E9D5A425C6FD9A00FE6E3F /* MatchingMarginsConstraintFactory.swift in Sources */ = {isa = PBXBuildFile; fileRef = 45E9D5A325C6FD9A00FE6E3F /* MatchingMarginsConstraintFactory.swift */; };
		45E9D5B125C7028C00FE6E3F /* Knobs.swift in Sources */ = {isa = PBXBuildFile; fileRef = 45E9D5B025C7028C00FE6E3F /* Knobs.swift */; };
		45F064862599E3CC007B25A7 /* MixedFeaturesTests.swift in Sources */ = {isa = PBXBuildFile; fileRef = 45F064852599E3CC007B25A7 /* MixedFeaturesTests.swift */; };
		45F064982599E511007B25A7 /* AppDelegate.swift in Sources */ = {isa = PBXBuildFile; fileRef = 45F064972599E511007B25A7 /* AppDelegate.swift */; };
		45F0649A2599E511007B25A7 /* SceneDelegate.swift in Sources */ = {isa = PBXBuildFile; fileRef = 45F064992599E511007B25A7 /* SceneDelegate.swift */; };
		45F0649F2599E511007B25A7 /* Main.storyboard in Resources */ = {isa = PBXBuildFile; fileRef = 45F0649D2599E511007B25A7 /* Main.storyboard */; };
		45F064A12599E511007B25A7 /* Assets.xcassets in Resources */ = {isa = PBXBuildFile; fileRef = 45F064A02599E511007B25A7 /* Assets.xcassets */; };
		45F064A42599E511007B25A7 /* LaunchScreen.storyboard in Resources */ = {isa = PBXBuildFile; fileRef = 45F064A22599E511007B25A7 /* LaunchScreen.storyboard */; };
		45F064B62599E6EE007B25A7 /* SliderInsideTableViewViewController.swift in Sources */ = {isa = PBXBuildFile; fileRef = 45F064B02599E6EE007B25A7 /* SliderInsideTableViewViewController.swift */; };
		45F064B72599E6EE007B25A7 /* ChangeKnobsProgrammaticViewController.swift in Sources */ = {isa = PBXBuildFile; fileRef = 45F064B12599E6EE007B25A7 /* ChangeKnobsProgrammaticViewController.swift */; };
		45F064B82599E6EE007B25A7 /* ChangeScaleProgrammaticViewController.swift in Sources */ = {isa = PBXBuildFile; fileRef = 45F064B22599E6EE007B25A7 /* ChangeScaleProgrammaticViewController.swift */; };
		45F064B92599E6EE007B25A7 /* SetupProgrammaticViewController.swift in Sources */ = {isa = PBXBuildFile; fileRef = 45F064B32599E6EE007B25A7 /* SetupProgrammaticViewController.swift */; };
		45F064BA2599E6EE007B25A7 /* CellWithSlider.swift in Sources */ = {isa = PBXBuildFile; fileRef = 45F064B42599E6EE007B25A7 /* CellWithSlider.swift */; };
		45F064BB2599E6EE007B25A7 /* GroupedFeaturesTableViewController.swift in Sources */ = {isa = PBXBuildFile; fileRef = 45F064B52599E6EE007B25A7 /* GroupedFeaturesTableViewController.swift */; };
		45F064CE2599E941007B25A7 /* MixedFeaturesViewController.swift in Sources */ = {isa = PBXBuildFile; fileRef = 45F064CD2599E941007B25A7 /* MixedFeaturesViewController.swift */; };
		45F064D92599F310007B25A7 /* RangeUISlider.framework in Frameworks */ = {isa = PBXBuildFile; fileRef = 45E215241E8E812E00F0B8B9 /* RangeUISlider.framework */; };
		45F064DA2599F310007B25A7 /* RangeUISlider.framework in Embed Frameworks */ = {isa = PBXBuildFile; fileRef = 45E215241E8E812E00F0B8B9 /* RangeUISlider.framework */; settings = {ATTRIBUTES = (CodeSignOnCopy, RemoveHeadersOnCopy, ); }; };
		5F7B1B731F7EEE7E00D19E23 /* RangeUISliderDelegate.swift in Sources */ = {isa = PBXBuildFile; fileRef = 5F7B1B721F7EEE7E00D19E23 /* RangeUISliderDelegate.swift */; };
/* End PBXBuildFile section */

/* Begin PBXContainerItemProxy section */
		459CBEFA259B79D000FCA5AB /* PBXContainerItemProxy */ = {
			isa = PBXContainerItemProxy;
			containerPortal = 45E2151B1E8E812E00F0B8B9 /* Project object */;
			proxyType = 1;
			remoteGlobalIDString = 45E215231E8E812E00F0B8B9;
			remoteInfo = RangeUISlider;
		};
		45F064CB2599E86A007B25A7 /* PBXContainerItemProxy */ = {
			isa = PBXContainerItemProxy;
			containerPortal = 45E2151B1E8E812E00F0B8B9 /* Project object */;
			proxyType = 1;
			remoteGlobalIDString = 45F064942599E511007B25A7;
			remoteInfo = RangeUISliderDemo;
		};
		45F064DB2599F310007B25A7 /* PBXContainerItemProxy */ = {
			isa = PBXContainerItemProxy;
			containerPortal = 45E2151B1E8E812E00F0B8B9 /* Project object */;
			proxyType = 1;
			remoteGlobalIDString = 45E215231E8E812E00F0B8B9;
			remoteInfo = RangeUISlider;
		};
/* End PBXContainerItemProxy section */

/* Begin PBXCopyFilesBuildPhase section */
		45F064DD2599F310007B25A7 /* Embed Frameworks */ = {
			isa = PBXCopyFilesBuildPhase;
			buildActionMask = 2147483647;
			dstPath = "";
			dstSubfolderSpec = 10;
			files = (
				45F064DA2599F310007B25A7 /* RangeUISlider.framework in Embed Frameworks */,
			);
			name = "Embed Frameworks";
			runOnlyForDeploymentPostprocessing = 0;
		};
/* End PBXCopyFilesBuildPhase section */

/* Begin PBXFileReference section */
		450C7B4B25C489E200764496 /* PositionConstraintFactory.swift */ = {isa = PBXFileReference; fileEncoding = 4; lastKnownFileType = sourcecode.swift; path = PositionConstraintFactory.swift; sourceTree = "<group>"; };
		450C7B4C25C489E200764496 /* DimensionConstraintFactory.swift */ = {isa = PBXFileReference; fileEncoding = 4; lastKnownFileType = sourcecode.swift; path = DimensionConstraintFactory.swift; sourceTree = "<group>"; };
		450C7B4D25C489E200764496 /* MarginConstraintFactory.swift */ = {isa = PBXFileReference; fileEncoding = 4; lastKnownFileType = sourcecode.swift; path = MarginConstraintFactory.swift; sourceTree = "<group>"; };
		450C7B5525C48A4F00764496 /* RangeSelectedCalculator.swift */ = {isa = PBXFileReference; fileEncoding = 4; lastKnownFileType = sourcecode.swift; path = RangeSelectedCalculator.swift; sourceTree = "<group>"; };
		450C7B5625C48A4F00764496 /* StepCalculator.swift */ = {isa = PBXFileReference; fileEncoding = 4; lastKnownFileType = sourcecode.swift; path = StepCalculator.swift; sourceTree = "<group>"; };
		450C7B5725C48A4F00764496 /* KnobsHitTest.swift */ = {isa = PBXFileReference; fileEncoding = 4; lastKnownFileType = sourcecode.swift; path = KnobsHitTest.swift; sourceTree = "<group>"; };
		450C7B5F25C48A7400764496 /* Progress.swift */ = {isa = PBXFileReference; fileEncoding = 4; lastKnownFileType = sourcecode.swift; path = Progress.swift; sourceTree = "<group>"; };
		450C7B6025C48A7400764496 /* RangeUISlider.swift */ = {isa = PBXFileReference; fileEncoding = 4; lastKnownFileType = sourcecode.swift; path = RangeUISlider.swift; sourceTree = "<group>"; };
		450C7B6125C48A7400764496 /* Bar.swift */ = {isa = PBXFileReference; fileEncoding = 4; lastKnownFileType = sourcecode.swift; path = Bar.swift; sourceTree = "<group>"; };
		450C7B6225C48A7400764496 /* RangeSlider.swift */ = {isa = PBXFileReference; fileEncoding = 4; lastKnownFileType = sourcecode.swift; path = RangeSlider.swift; sourceTree = "<group>"; };
		450C7B6325C48A7400764496 /* Gradient.swift */ = {isa = PBXFileReference; fileEncoding = 4; lastKnownFileType = sourcecode.swift; path = Gradient.swift; sourceTree = "<group>"; };
		450C7B6425C48A7400764496 /* Knob.swift */ = {isa = PBXFileReference; fileEncoding = 4; lastKnownFileType = sourcecode.swift; path = Knob.swift; sourceTree = "<group>"; };
		450C7B7425C490C100764496 /* ConstraintViews.swift */ = {isa = PBXFileReference; lastKnownFileType = sourcecode.swift; path = ConstraintViews.swift; sourceTree = "<group>"; };
		451AF80225C6E0A900DD37CE /* RangeSlider+Modifiers.swift */ = {isa = PBXFileReference; lastKnownFileType = sourcecode.swift; path = "RangeSlider+Modifiers.swift"; sourceTree = "<group>"; };
		451AF80B25C6E32F00DD37CE /* KnobProperties.swift */ = {isa = PBXFileReference; lastKnownFileType = sourcecode.swift; path = KnobProperties.swift; sourceTree = "<group>"; };
		451AF81025C6E36F00DD37CE /* Dimensions.swift */ = {isa = PBXFileReference; lastKnownFileType = sourcecode.swift; path = Dimensions.swift; sourceTree = "<group>"; };
		451E91D925C47B1200A2843D /* AllTestPlan.xctestplan */ = {isa = PBXFileReference; lastKnownFileType = text; path = AllTestPlan.xctestplan; sourceTree = "<group>"; };
		4520C27025A349F00018042D /* SwiftUIHostingViewController.swift */ = {isa = PBXFileReference; lastKnownFileType = sourcecode.swift; path = SwiftUIHostingViewController.swift; sourceTree = "<group>"; };
		4538955325C5D62700389905 /* RangeUISliderCreator.swift */ = {isa = PBXFileReference; lastKnownFileType = sourcecode.swift; path = RangeUISliderCreator.swift; sourceTree = "<group>"; };
		4538956E25C5DF8700389905 /* KnobPosition.swift */ = {isa = PBXFileReference; lastKnownFileType = sourcecode.swift; path = KnobPosition.swift; sourceTree = "<group>"; };
		455BF124259B44F80026BE56 /* InsideTableViewTests.swift */ = {isa = PBXFileReference; lastKnownFileType = sourcecode.swift; path = InsideTableViewTests.swift; sourceTree = "<group>"; };
		455BF12D259B4B2D0026BE56 /* ProgrammaticKnobChangeTests.swift */ = {isa = PBXFileReference; lastKnownFileType = sourcecode.swift; path = ProgrammaticKnobChangeTests.swift; sourceTree = "<group>"; };
		455BF135259B4BCC0026BE56 /* ProgrammaticChangesTestPlan.xctestplan */ = {isa = PBXFileReference; lastKnownFileType = text; path = ProgrammaticChangesTestPlan.xctestplan; sourceTree = "<group>"; };
		455FCF01259B3F2000FCA71E /* BehaviourTestPlan.xctestplan */ = {isa = PBXFileReference; lastKnownFileType = text; path = BehaviourTestPlan.xctestplan; sourceTree = "<group>"; };
		4571869325A5CFE300541D67 /* RangeSliderCoordinator.swift */ = {isa = PBXFileReference; lastKnownFileType = sourcecode.swift; path = RangeSliderCoordinator.swift; sourceTree = "<group>"; };
		4571869825A5D01500541D67 /* RangeSliderSettings.swift */ = {isa = PBXFileReference; lastKnownFileType = sourcecode.swift; path = RangeSliderSettings.swift; sourceTree = "<group>"; };
		4587606125C33F140067CFBE /* .codebeatignore */ = {isa = PBXFileReference; lastKnownFileType = text; path = .codebeatignore; sourceTree = "<group>"; };
		4587606225C33F1B0067CFBE /* .gitignore */ = {isa = PBXFileReference; lastKnownFileType = text; path = .gitignore; sourceTree = "<group>"; };
		458CD4EA25A1E2760065FDEF /* generate_docs.sh */ = {isa = PBXFileReference; lastKnownFileType = text.script.sh; path = generate_docs.sh; sourceTree = "<group>"; };
		458E1B90257A9CC800165AA7 /* RangeUISlider.podspec */ = {isa = PBXFileReference; lastKnownFileType = text; path = RangeUISlider.podspec; sourceTree = "<group>"; };
		45949DBB25C6CB5300F09F3B /* ConstraintFactory.swift */ = {isa = PBXFileReference; lastKnownFileType = sourcecode.swift; path = ConstraintFactory.swift; sourceTree = "<group>"; };
		45949DC025C6CBA700F09F3B /* ConstraintAdditionalInformations.swift */ = {isa = PBXFileReference; lastKnownFileType = sourcecode.swift; path = ConstraintAdditionalInformations.swift; sourceTree = "<group>"; };
		4596308425C7ECE500FCCCE7 /* ProgressViews.swift */ = {isa = PBXFileReference; lastKnownFileType = sourcecode.swift; path = ProgressViews.swift; sourceTree = "<group>"; };
		459630A925C87EE400FCCCE7 /* KnobGesturesProperties.swift */ = {isa = PBXFileReference; lastKnownFileType = sourcecode.swift; path = KnobGesturesProperties.swift; sourceTree = "<group>"; };
		459630B725C8841B00FCCCE7 /* RangeUISliderSetup.swift */ = {isa = PBXFileReference; lastKnownFileType = sourcecode.swift; path = RangeUISliderSetup.swift; sourceTree = "<group>"; };
		459630BC25C884B000FCCCE7 /* KnobsProperties.swift */ = {isa = PBXFileReference; lastKnownFileType = sourcecode.swift; path = KnobsProperties.swift; sourceTree = "<group>"; };
		459630C425C8854D00FCCCE7 /* ProgressViewsProperties.swift */ = {isa = PBXFileReference; lastKnownFileType = sourcecode.swift; path = ProgressViewsProperties.swift; sourceTree = "<group>"; };
		459630CC25C89C0E00FCCCE7 /* ProgressViewsPropertiesFactory.swift */ = {isa = PBXFileReference; lastKnownFileType = sourcecode.swift; path = ProgressViewsPropertiesFactory.swift; sourceTree = "<group>"; };
		459630D425C89CC500FCCCE7 /* KnobsPropertiesFactory.swift */ = {isa = PBXFileReference; lastKnownFileType = sourcecode.swift; path = KnobsPropertiesFactory.swift; sourceTree = "<group>"; };
		459630DC25C8A26100FCCCE7 /* GradientProperties.swift */ = {isa = PBXFileReference; lastKnownFileType = sourcecode.swift; path = GradientProperties.swift; sourceTree = "<group>"; };
		459630E425C8A2DE00FCCCE7 /* GradientColors.swift */ = {isa = PBXFileReference; lastKnownFileType = sourcecode.swift; path = GradientColors.swift; sourceTree = "<group>"; };
		459630EC25C8A32D00FCCCE7 /* GradientPoints.swift */ = {isa = PBXFileReference; lastKnownFileType = sourcecode.swift; path = GradientPoints.swift; sourceTree = "<group>"; };
		459CBEB6259B638200FCA5AB /* ProgrammaticScaleChangeTests.swift */ = {isa = PBXFileReference; lastKnownFileType = sourcecode.swift; path = ProgrammaticScaleChangeTests.swift; sourceTree = "<group>"; };
		459CBEC4259B6A6F00FCA5AB /* build-ios.yml */ = {isa = PBXFileReference; lastKnownFileType = text.yaml; path = "build-ios.yml"; sourceTree = "<group>"; };
		459CBEF4259B79D000FCA5AB /* RangeUISliderTests.xctest */ = {isa = PBXFileReference; explicitFileType = wrapper.cfbundle; includeInIndex = 0; path = RangeUISliderTests.xctest; sourceTree = BUILT_PRODUCTS_DIR; };
		459CBEF6259B79D000FCA5AB /* RangeSelectedCalculatorTest.swift */ = {isa = PBXFileReference; lastKnownFileType = sourcecode.swift; path = RangeSelectedCalculatorTest.swift; sourceTree = "<group>"; };
		459CBEF8259B79D000FCA5AB /* Info.plist */ = {isa = PBXFileReference; lastKnownFileType = text.plist.xml; path = Info.plist; sourceTree = "<group>"; };
		459CBF05259B7A4700FCA5AB /* UnitTestPlan.xctestplan */ = {isa = PBXFileReference; lastKnownFileType = text; name = UnitTestPlan.xctestplan; path = TestPlans/UnitTestPlan.xctestplan; sourceTree = SOURCE_ROOT; };
		459CBF1B259B7FD700FCA5AB /* StepCalculatorTest.swift */ = {isa = PBXFileReference; lastKnownFileType = sourcecode.swift; path = StepCalculatorTest.swift; sourceTree = "<group>"; };
		45BD66D1209B60D900A19D22 /* README.md */ = {isa = PBXFileReference; fileEncoding = 4; lastKnownFileType = net.daringfireball.markdown; path = README.md; sourceTree = "<group>"; };
		45BD66D2209B60DA00A19D22 /* CHANGELOG.md */ = {isa = PBXFileReference; fileEncoding = 4; lastKnownFileType = net.daringfireball.markdown; path = CHANGELOG.md; sourceTree = "<group>"; };
		45BD66D3209B60DA00A19D22 /* LICENSE.md */ = {isa = PBXFileReference; fileEncoding = 4; lastKnownFileType = net.daringfireball.markdown; path = LICENSE.md; sourceTree = "<group>"; };
		45C2278225C2E9C70068CAA5 /* swiftlint.yml */ = {isa = PBXFileReference; lastKnownFileType = text.yaml; path = swiftlint.yml; sourceTree = "<group>"; };
		45D2B83625C5CBD500DFD838 /* ConstraintAttributes.swift */ = {isa = PBXFileReference; lastKnownFileType = sourcecode.swift; path = ConstraintAttributes.swift; sourceTree = "<group>"; };
		45E215241E8E812E00F0B8B9 /* RangeUISlider.framework */ = {isa = PBXFileReference; explicitFileType = wrapper.framework; includeInIndex = 0; path = RangeUISlider.framework; sourceTree = BUILT_PRODUCTS_DIR; };
		45E215271E8E812E00F0B8B9 /* RangeUISlider.h */ = {isa = PBXFileReference; lastKnownFileType = sourcecode.c.h; path = RangeUISlider.h; sourceTree = "<group>"; };
		45E215281E8E812E00F0B8B9 /* Info.plist */ = {isa = PBXFileReference; lastKnownFileType = text.plist.xml; path = Info.plist; sourceTree = "<group>"; };
		45E603C4233A432C00E7465D /* Package.swift */ = {isa = PBXFileReference; lastKnownFileType = sourcecode.swift; path = Package.swift; sourceTree = "<group>"; };
		45E9D58D25C6F1BF00FE6E3F /* EqualRelationConstraintFactory.swift */ = {isa = PBXFileReference; lastKnownFileType = sourcecode.swift; path = EqualRelationConstraintFactory.swift; sourceTree = "<group>"; };
		45E9D59625C6F94200FE6E3F /* BarProperties.swift */ = {isa = PBXFileReference; lastKnownFileType = sourcecode.swift; path = BarProperties.swift; sourceTree = "<group>"; };
		45E9D59E25C6FADC00FE6E3F /* ProgressProperties.swift */ = {isa = PBXFileReference; lastKnownFileType = sourcecode.swift; path = ProgressProperties.swift; sourceTree = "<group>"; };
		45E9D5A325C6FD9A00FE6E3F /* MatchingMarginsConstraintFactory.swift */ = {isa = PBXFileReference; lastKnownFileType = sourcecode.swift; path = MatchingMarginsConstraintFactory.swift; sourceTree = "<group>"; };
		45E9D5B025C7028C00FE6E3F /* Knobs.swift */ = {isa = PBXFileReference; lastKnownFileType = sourcecode.swift; path = Knobs.swift; sourceTree = "<group>"; };
		45F064832599E3CC007B25A7 /* RangeUISliderUITests.xctest */ = {isa = PBXFileReference; explicitFileType = wrapper.cfbundle; includeInIndex = 0; path = RangeUISliderUITests.xctest; sourceTree = BUILT_PRODUCTS_DIR; };
		45F064852599E3CC007B25A7 /* MixedFeaturesTests.swift */ = {isa = PBXFileReference; lastKnownFileType = sourcecode.swift; path = MixedFeaturesTests.swift; sourceTree = "<group>"; };
		45F064872599E3CC007B25A7 /* Info.plist */ = {isa = PBXFileReference; lastKnownFileType = text.plist.xml; path = Info.plist; sourceTree = "<group>"; };
		45F064952599E511007B25A7 /* RangeUISliderDemo.app */ = {isa = PBXFileReference; explicitFileType = wrapper.application; includeInIndex = 0; path = RangeUISliderDemo.app; sourceTree = BUILT_PRODUCTS_DIR; };
		45F064972599E511007B25A7 /* AppDelegate.swift */ = {isa = PBXFileReference; lastKnownFileType = sourcecode.swift; path = AppDelegate.swift; sourceTree = "<group>"; };
		45F064992599E511007B25A7 /* SceneDelegate.swift */ = {isa = PBXFileReference; lastKnownFileType = sourcecode.swift; path = SceneDelegate.swift; sourceTree = "<group>"; };
		45F0649E2599E511007B25A7 /* Base */ = {isa = PBXFileReference; lastKnownFileType = file.storyboard; name = Base; path = Base.lproj/Main.storyboard; sourceTree = "<group>"; };
		45F064A02599E511007B25A7 /* Assets.xcassets */ = {isa = PBXFileReference; lastKnownFileType = folder.assetcatalog; path = Assets.xcassets; sourceTree = "<group>"; };
		45F064A32599E511007B25A7 /* Base */ = {isa = PBXFileReference; lastKnownFileType = file.storyboard; name = Base; path = Base.lproj/LaunchScreen.storyboard; sourceTree = "<group>"; };
		45F064A52599E511007B25A7 /* Info.plist */ = {isa = PBXFileReference; lastKnownFileType = text.plist.xml; path = Info.plist; sourceTree = "<group>"; };
		45F064B02599E6EE007B25A7 /* SliderInsideTableViewViewController.swift */ = {isa = PBXFileReference; fileEncoding = 4; lastKnownFileType = sourcecode.swift; path = SliderInsideTableViewViewController.swift; sourceTree = "<group>"; };
		45F064B12599E6EE007B25A7 /* ChangeKnobsProgrammaticViewController.swift */ = {isa = PBXFileReference; fileEncoding = 4; lastKnownFileType = sourcecode.swift; path = ChangeKnobsProgrammaticViewController.swift; sourceTree = "<group>"; };
		45F064B22599E6EE007B25A7 /* ChangeScaleProgrammaticViewController.swift */ = {isa = PBXFileReference; fileEncoding = 4; lastKnownFileType = sourcecode.swift; path = ChangeScaleProgrammaticViewController.swift; sourceTree = "<group>"; };
		45F064B32599E6EE007B25A7 /* SetupProgrammaticViewController.swift */ = {isa = PBXFileReference; fileEncoding = 4; lastKnownFileType = sourcecode.swift; path = SetupProgrammaticViewController.swift; sourceTree = "<group>"; };
		45F064B42599E6EE007B25A7 /* CellWithSlider.swift */ = {isa = PBXFileReference; fileEncoding = 4; lastKnownFileType = sourcecode.swift; path = CellWithSlider.swift; sourceTree = "<group>"; };
		45F064B52599E6EE007B25A7 /* GroupedFeaturesTableViewController.swift */ = {isa = PBXFileReference; fileEncoding = 4; lastKnownFileType = sourcecode.swift; path = GroupedFeaturesTableViewController.swift; sourceTree = "<group>"; };
		45F064CD2599E941007B25A7 /* MixedFeaturesViewController.swift */ = {isa = PBXFileReference; lastKnownFileType = sourcecode.swift; path = MixedFeaturesViewController.swift; sourceTree = "<group>"; };
		5F7B1B721F7EEE7E00D19E23 /* RangeUISliderDelegate.swift */ = {isa = PBXFileReference; lastKnownFileType = sourcecode.swift; path = RangeUISliderDelegate.swift; sourceTree = "<group>"; };
/* End PBXFileReference section */

/* Begin PBXFrameworksBuildPhase section */
		459CBEF1259B79D000FCA5AB /* Frameworks */ = {
			isa = PBXFrameworksBuildPhase;
			buildActionMask = 2147483647;
			files = (
				459CBEF9259B79D000FCA5AB /* RangeUISlider.framework in Frameworks */,
			);
			runOnlyForDeploymentPostprocessing = 0;
		};
		45E215201E8E812E00F0B8B9 /* Frameworks */ = {
			isa = PBXFrameworksBuildPhase;
			buildActionMask = 2147483647;
			files = (
			);
			runOnlyForDeploymentPostprocessing = 0;
		};
		45F064802599E3CC007B25A7 /* Frameworks */ = {
			isa = PBXFrameworksBuildPhase;
			buildActionMask = 2147483647;
			files = (
			);
			runOnlyForDeploymentPostprocessing = 0;
		};
		45F064922599E511007B25A7 /* Frameworks */ = {
			isa = PBXFrameworksBuildPhase;
			buildActionMask = 2147483647;
			files = (
				45F064D92599F310007B25A7 /* RangeUISlider.framework in Frameworks */,
			);
			runOnlyForDeploymentPostprocessing = 0;
		};
/* End PBXFrameworksBuildPhase section */

/* Begin PBXGroup section */
		450C7B4A25C489E200764496 /* Constraint */ = {
			isa = PBXGroup;
			children = (
				450C7B4B25C489E200764496 /* PositionConstraintFactory.swift */,
				450C7B4C25C489E200764496 /* DimensionConstraintFactory.swift */,
				450C7B4D25C489E200764496 /* MarginConstraintFactory.swift */,
				45E9D58D25C6F1BF00FE6E3F /* EqualRelationConstraintFactory.swift */,
				45949DBB25C6CB5300F09F3B /* ConstraintFactory.swift */,
				450C7B7425C490C100764496 /* ConstraintViews.swift */,
				45D2B83625C5CBD500DFD838 /* ConstraintAttributes.swift */,
				45949DC025C6CBA700F09F3B /* ConstraintAdditionalInformations.swift */,
				45E9D5A325C6FD9A00FE6E3F /* MatchingMarginsConstraintFactory.swift */,
			);
			path = Constraint;
			sourceTree = "<group>";
		};
		450C7B5425C48A4F00764496 /* Logic */ = {
			isa = PBXGroup;
			children = (
				450C7B5525C48A4F00764496 /* RangeSelectedCalculator.swift */,
				450C7B5625C48A4F00764496 /* StepCalculator.swift */,
				450C7B5725C48A4F00764496 /* KnobsHitTest.swift */,
				4538955325C5D62700389905 /* RangeUISliderCreator.swift */,
				4538956E25C5DF8700389905 /* KnobPosition.swift */,
				451AF81025C6E36F00DD37CE /* Dimensions.swift */,
				451AF80B25C6E32F00DD37CE /* KnobProperties.swift */,
				459630BC25C884B000FCCCE7 /* KnobsProperties.swift */,
				459630D425C89CC500FCCCE7 /* KnobsPropertiesFactory.swift */,
				459630A925C87EE400FCCCE7 /* KnobGesturesProperties.swift */,
				45E9D59625C6F94200FE6E3F /* BarProperties.swift */,
				45E9D59E25C6FADC00FE6E3F /* ProgressProperties.swift */,
				459630C425C8854D00FCCCE7 /* ProgressViewsProperties.swift */,
				459630CC25C89C0E00FCCCE7 /* ProgressViewsPropertiesFactory.swift */,
				459630E425C8A2DE00FCCCE7 /* GradientColors.swift */,
				459630DC25C8A26100FCCCE7 /* GradientProperties.swift */,
				459630EC25C8A32D00FCCCE7 /* GradientPoints.swift */,
				459630B725C8841B00FCCCE7 /* RangeUISliderSetup.swift */,
			);
			path = Logic;
			sourceTree = "<group>";
		};
		450C7B5E25C48A7400764496 /* UI */ = {
			isa = PBXGroup;
			children = (
				450C7B5F25C48A7400764496 /* Progress.swift */,
				450C7B6025C48A7400764496 /* RangeUISlider.swift */,
				450C7B6125C48A7400764496 /* Bar.swift */,
				450C7B6225C48A7400764496 /* RangeSlider.swift */,
				451AF80225C6E0A900DD37CE /* RangeSlider+Modifiers.swift */,
				450C7B6325C48A7400764496 /* Gradient.swift */,
				450C7B6425C48A7400764496 /* Knob.swift */,
				45E9D5B025C7028C00FE6E3F /* Knobs.swift */,
				4596308425C7ECE500FCCCE7 /* ProgressViews.swift */,
			);
			path = UI;
			sourceTree = "<group>";
		};
		455FCF00259B3EFA00FCA71E /* TestPlans */ = {
			isa = PBXGroup;
			children = (
				459CBF05259B7A4700FCA5AB /* UnitTestPlan.xctestplan */,
				455FCF01259B3F2000FCA71E /* BehaviourTestPlan.xctestplan */,
				455BF135259B4BCC0026BE56 /* ProgrammaticChangesTestPlan.xctestplan */,
				451E91D925C47B1200A2843D /* AllTestPlan.xctestplan */,
			);
			path = TestPlans;
			sourceTree = "<group>";
		};
		459CBEC2259B6A6F00FCA5AB /* workflows */ = {
			isa = PBXGroup;
			children = (
				45C2278225C2E9C70068CAA5 /* swiftlint.yml */,
				459CBEC4259B6A6F00FCA5AB /* build-ios.yml */,
			);
			name = workflows;
			path = .github/workflows;
			sourceTree = "<group>";
		};
		459CBEF5259B79D000FCA5AB /* RangeUISliderTests */ = {
			isa = PBXGroup;
			children = (
				459CBEF6259B79D000FCA5AB /* RangeSelectedCalculatorTest.swift */,
				459CBF1B259B7FD700FCA5AB /* StepCalculatorTest.swift */,
				459CBEF8259B79D000FCA5AB /* Info.plist */,
			);
			path = RangeUISliderTests;
			sourceTree = "<group>";
		};
		45E2151A1E8E812E00F0B8B9 = {
			isa = PBXGroup;
			children = (
				45BD66D2209B60DA00A19D22 /* CHANGELOG.md */,
				45BD66D3209B60DA00A19D22 /* LICENSE.md */,
				45BD66D1209B60D900A19D22 /* README.md */,
				458CD4EA25A1E2760065FDEF /* generate_docs.sh */,
				458E1B90257A9CC800165AA7 /* RangeUISlider.podspec */,
				45E603C4233A432C00E7465D /* Package.swift */,
				4587606225C33F1B0067CFBE /* .gitignore */,
				4587606125C33F140067CFBE /* .codebeatignore */,
				459CBEC2259B6A6F00FCA5AB /* workflows */,
				455FCF00259B3EFA00FCA71E /* TestPlans */,
				45E215261E8E812E00F0B8B9 /* Source */,
				459CBEF5259B79D000FCA5AB /* RangeUISliderTests */,
				45F064842599E3CC007B25A7 /* RangeUISliderUITests */,
				45F064962599E511007B25A7 /* RangeUISliderDemo */,
				45E215251E8E812E00F0B8B9 /* Products */,
				45F064D82599F310007B25A7 /* Frameworks */,
			);
			sourceTree = "<group>";
		};
		45E215251E8E812E00F0B8B9 /* Products */ = {
			isa = PBXGroup;
			children = (
				45E215241E8E812E00F0B8B9 /* RangeUISlider.framework */,
				45F064832599E3CC007B25A7 /* RangeUISliderUITests.xctest */,
				45F064952599E511007B25A7 /* RangeUISliderDemo.app */,
				459CBEF4259B79D000FCA5AB /* RangeUISliderTests.xctest */,
			);
			name = Products;
			sourceTree = "<group>";
		};
		45E215261E8E812E00F0B8B9 /* Source */ = {
			isa = PBXGroup;
			children = (
				450C7B4A25C489E200764496 /* Constraint */,
				450C7B5425C48A4F00764496 /* Logic */,
				450C7B5E25C48A7400764496 /* UI */,
				5F7B1B721F7EEE7E00D19E23 /* RangeUISliderDelegate.swift */,
				4571869325A5CFE300541D67 /* RangeSliderCoordinator.swift */,
				4571869825A5D01500541D67 /* RangeSliderSettings.swift */,
				45E215271E8E812E00F0B8B9 /* RangeUISlider.h */,
				45E215281E8E812E00F0B8B9 /* Info.plist */,
			);
			path = Source;
			sourceTree = "<group>";
		};
		45F064842599E3CC007B25A7 /* RangeUISliderUITests */ = {
			isa = PBXGroup;
			children = (
				45F064852599E3CC007B25A7 /* MixedFeaturesTests.swift */,
				455BF124259B44F80026BE56 /* InsideTableViewTests.swift */,
				455BF12D259B4B2D0026BE56 /* ProgrammaticKnobChangeTests.swift */,
				459CBEB6259B638200FCA5AB /* ProgrammaticScaleChangeTests.swift */,
				45F064872599E3CC007B25A7 /* Info.plist */,
			);
			path = RangeUISliderUITests;
			sourceTree = "<group>";
		};
		45F064962599E511007B25A7 /* RangeUISliderDemo */ = {
			isa = PBXGroup;
			children = (
				45F064CD2599E941007B25A7 /* MixedFeaturesViewController.swift */,
				45F064B42599E6EE007B25A7 /* CellWithSlider.swift */,
				45F064B12599E6EE007B25A7 /* ChangeKnobsProgrammaticViewController.swift */,
				45F064B22599E6EE007B25A7 /* ChangeScaleProgrammaticViewController.swift */,
				45F064B52599E6EE007B25A7 /* GroupedFeaturesTableViewController.swift */,
				45F064B32599E6EE007B25A7 /* SetupProgrammaticViewController.swift */,
				45F064B02599E6EE007B25A7 /* SliderInsideTableViewViewController.swift */,
				45F064972599E511007B25A7 /* AppDelegate.swift */,
				45F064992599E511007B25A7 /* SceneDelegate.swift */,
				4520C27025A349F00018042D /* SwiftUIHostingViewController.swift */,
				45F0649D2599E511007B25A7 /* Main.storyboard */,
				45F064A02599E511007B25A7 /* Assets.xcassets */,
				45F064A22599E511007B25A7 /* LaunchScreen.storyboard */,
				45F064A52599E511007B25A7 /* Info.plist */,
			);
			path = RangeUISliderDemo;
			sourceTree = "<group>";
		};
		45F064D82599F310007B25A7 /* Frameworks */ = {
			isa = PBXGroup;
			children = (
			);
			name = Frameworks;
			sourceTree = "<group>";
		};
/* End PBXGroup section */

/* Begin PBXHeadersBuildPhase section */
		45E215211E8E812E00F0B8B9 /* Headers */ = {
			isa = PBXHeadersBuildPhase;
			buildActionMask = 2147483647;
			files = (
				45E215291E8E812E00F0B8B9 /* RangeUISlider.h in Headers */,
			);
			runOnlyForDeploymentPostprocessing = 0;
		};
/* End PBXHeadersBuildPhase section */

/* Begin PBXNativeTarget section */
		459CBEF3259B79D000FCA5AB /* RangeUISliderTests */ = {
			isa = PBXNativeTarget;
			buildConfigurationList = 459CBEFE259B79D000FCA5AB /* Build configuration list for PBXNativeTarget "RangeUISliderTests" */;
			buildPhases = (
				459CBEF0259B79D000FCA5AB /* Sources */,
				459CBEF1259B79D000FCA5AB /* Frameworks */,
				459CBEF2259B79D000FCA5AB /* Resources */,
			);
			buildRules = (
			);
			dependencies = (
				459CBEFB259B79D000FCA5AB /* PBXTargetDependency */,
			);
			name = RangeUISliderTests;
			productName = RangeUISliderTests;
			productReference = 459CBEF4259B79D000FCA5AB /* RangeUISliderTests.xctest */;
			productType = "com.apple.product-type.bundle.unit-test";
		};
		45E215231E8E812E00F0B8B9 /* RangeUISlider */ = {
			isa = PBXNativeTarget;
			buildConfigurationList = 45E2152C1E8E812E00F0B8B9 /* Build configuration list for PBXNativeTarget "RangeUISlider" */;
			buildPhases = (
				45E2151F1E8E812E00F0B8B9 /* Sources */,
				45E215201E8E812E00F0B8B9 /* Frameworks */,
				45E215211E8E812E00F0B8B9 /* Headers */,
				45E215221E8E812E00F0B8B9 /* Resources */,
				45C2277D25C2BF3C0068CAA5 /* ShellScript */,
			);
			buildRules = (
			);
			dependencies = (
			);
			name = RangeUISlider;
			productName = RangeUISlider;
			productReference = 45E215241E8E812E00F0B8B9 /* RangeUISlider.framework */;
			productType = "com.apple.product-type.framework";
		};
		45F064822599E3CC007B25A7 /* RangeUISliderUITests */ = {
			isa = PBXNativeTarget;
			buildConfigurationList = 45F0648A2599E3CC007B25A7 /* Build configuration list for PBXNativeTarget "RangeUISliderUITests" */;
			buildPhases = (
				45F0647F2599E3CC007B25A7 /* Sources */,
				45F064802599E3CC007B25A7 /* Frameworks */,
				45F064812599E3CC007B25A7 /* Resources */,
			);
			buildRules = (
			);
			dependencies = (
				45F064CC2599E86A007B25A7 /* PBXTargetDependency */,
			);
			name = RangeUISliderUITests;
			productName = RangeUISliderUITests;
			productReference = 45F064832599E3CC007B25A7 /* RangeUISliderUITests.xctest */;
			productType = "com.apple.product-type.bundle.ui-testing";
		};
		45F064942599E511007B25A7 /* RangeUISliderDemo */ = {
			isa = PBXNativeTarget;
			buildConfigurationList = 45F064A62599E511007B25A7 /* Build configuration list for PBXNativeTarget "RangeUISliderDemo" */;
			buildPhases = (
				45F064912599E511007B25A7 /* Sources */,
				45F064922599E511007B25A7 /* Frameworks */,
				45F064932599E511007B25A7 /* Resources */,
				45F064DD2599F310007B25A7 /* Embed Frameworks */,
				45C2277E25C2BF4C0068CAA5 /* ShellScript */,
			);
			buildRules = (
			);
			dependencies = (
				45F064DC2599F310007B25A7 /* PBXTargetDependency */,
			);
			name = RangeUISliderDemo;
			productName = RangeUISliderDemo;
			productReference = 45F064952599E511007B25A7 /* RangeUISliderDemo.app */;
			productType = "com.apple.product-type.application";
		};
/* End PBXNativeTarget section */

/* Begin PBXProject section */
		45E2151B1E8E812E00F0B8B9 /* Project object */ = {
			isa = PBXProject;
			attributes = {
				LastSwiftUpdateCheck = 1230;
				LastUpgradeCheck = 1240;
				ORGANIZATIONNAME = "Fabrizio Duroni";
				TargetAttributes = {
					459CBEF3259B79D000FCA5AB = {
						CreatedOnToolsVersion = 12.3;
					};
					45E215231E8E812E00F0B8B9 = {
						CreatedOnToolsVersion = 8.3;
						LastSwiftMigration = 1020;
						ProvisioningStyle = Automatic;
					};
					45F064822599E3CC007B25A7 = {
						CreatedOnToolsVersion = 12.3;
						DevelopmentTeam = Y682K92RZU;
						ProvisioningStyle = Automatic;
						TestTargetID = 45F064942599E511007B25A7;
					};
					45F064942599E511007B25A7 = {
						CreatedOnToolsVersion = 12.3;
						DevelopmentTeam = Y682K92RZU;
						ProvisioningStyle = Automatic;
					};
				};
			};
			buildConfigurationList = 45E2151E1E8E812E00F0B8B9 /* Build configuration list for PBXProject "RangeUISlider" */;
			compatibilityVersion = "Xcode 3.2";
			developmentRegion = en;
			hasScannedForEncodings = 0;
			knownRegions = (
				en,
				Base,
			);
			mainGroup = 45E2151A1E8E812E00F0B8B9;
			productRefGroup = 45E215251E8E812E00F0B8B9 /* Products */;
			projectDirPath = "";
			projectRoot = "";
			targets = (
				45E215231E8E812E00F0B8B9 /* RangeUISlider */,
				459CBEF3259B79D000FCA5AB /* RangeUISliderTests */,
				45F064822599E3CC007B25A7 /* RangeUISliderUITests */,
				45F064942599E511007B25A7 /* RangeUISliderDemo */,
			);
		};
/* End PBXProject section */

/* Begin PBXResourcesBuildPhase section */
		459CBEF2259B79D000FCA5AB /* Resources */ = {
			isa = PBXResourcesBuildPhase;
			buildActionMask = 2147483647;
			files = (
			);
			runOnlyForDeploymentPostprocessing = 0;
		};
		45E215221E8E812E00F0B8B9 /* Resources */ = {
			isa = PBXResourcesBuildPhase;
			buildActionMask = 2147483647;
			files = (
			);
			runOnlyForDeploymentPostprocessing = 0;
		};
		45F064812599E3CC007B25A7 /* Resources */ = {
			isa = PBXResourcesBuildPhase;
			buildActionMask = 2147483647;
			files = (
			);
			runOnlyForDeploymentPostprocessing = 0;
		};
		45F064932599E511007B25A7 /* Resources */ = {
			isa = PBXResourcesBuildPhase;
			buildActionMask = 2147483647;
			files = (
				45F064A42599E511007B25A7 /* LaunchScreen.storyboard in Resources */,
				45F064A12599E511007B25A7 /* Assets.xcassets in Resources */,
				45F0649F2599E511007B25A7 /* Main.storyboard in Resources */,
			);
			runOnlyForDeploymentPostprocessing = 0;
		};
/* End PBXResourcesBuildPhase section */

/* Begin PBXShellScriptBuildPhase section */
		45C2277D25C2BF3C0068CAA5 /* ShellScript */ = {
			isa = PBXShellScriptBuildPhase;
			buildActionMask = 2147483647;
			files = (
			);
			inputFileListPaths = (
			);
			inputPaths = (
			);
			outputFileListPaths = (
			);
			outputPaths = (
			);
			runOnlyForDeploymentPostprocessing = 0;
			shellPath = /bin/sh;
			shellScript = "if which swiftlint >/dev/null; then\n  swiftlint\nelse\n  echo \"warning: SwiftLint not installed, download from https://github.com/realm/SwiftLint\"\nfi\n";
		};
		45C2277E25C2BF4C0068CAA5 /* ShellScript */ = {
			isa = PBXShellScriptBuildPhase;
			buildActionMask = 2147483647;
			files = (
			);
			inputFileListPaths = (
			);
			inputPaths = (
			);
			outputFileListPaths = (
			);
			outputPaths = (
			);
			runOnlyForDeploymentPostprocessing = 0;
			shellPath = /bin/sh;
			shellScript = "if which swiftlint >/dev/null; then\n  swiftlint\nelse\n  echo \"warning: SwiftLint not installed, download from https://github.com/realm/SwiftLint\"\nfi\n";
		};
/* End PBXShellScriptBuildPhase section */

/* Begin PBXSourcesBuildPhase section */
		459CBEF0259B79D000FCA5AB /* Sources */ = {
			isa = PBXSourcesBuildPhase;
			buildActionMask = 2147483647;
			files = (
				459CBEF7259B79D000FCA5AB /* RangeSelectedCalculatorTest.swift in Sources */,
				459CBF1C259B7FD700FCA5AB /* StepCalculatorTest.swift in Sources */,
			);
			runOnlyForDeploymentPostprocessing = 0;
		};
		45E2151F1E8E812E00F0B8B9 /* Sources */ = {
			isa = PBXSourcesBuildPhase;
			buildActionMask = 2147483647;
			files = (
				450C7B5A25C48A4F00764496 /* KnobsHitTest.swift in Sources */,
				459630AA25C87EE400FCCCE7 /* KnobGesturesProperties.swift in Sources */,
				4596308525C7ECE500FCCCE7 /* ProgressViews.swift in Sources */,
				45D2B83725C5CBD500DFD838 /* ConstraintAttributes.swift in Sources */,
				45E9D5A425C6FD9A00FE6E3F /* MatchingMarginsConstraintFactory.swift in Sources */,
				45E9D59725C6F94200FE6E3F /* BarProperties.swift in Sources */,
				450C7B4E25C489E200764496 /* PositionConstraintFactory.swift in Sources */,
				450C7B6725C48A7500764496 /* Bar.swift in Sources */,
				459630C525C8854D00FCCCE7 /* ProgressViewsProperties.swift in Sources */,
				459630E525C8A2DE00FCCCE7 /* GradientColors.swift in Sources */,
				45949DC125C6CBA700F09F3B /* ConstraintAdditionalInformations.swift in Sources */,
				45E9D58E25C6F1BF00FE6E3F /* EqualRelationConstraintFactory.swift in Sources */,
				450C7B5025C489E200764496 /* MarginConstraintFactory.swift in Sources */,
				45E9D5B125C7028C00FE6E3F /* Knobs.swift in Sources */,
				45E9D59F25C6FADC00FE6E3F /* ProgressProperties.swift in Sources */,
				5F7B1B731F7EEE7E00D19E23 /* RangeUISliderDelegate.swift in Sources */,
				450C7B6625C48A7500764496 /* RangeUISlider.swift in Sources */,
				459630BD25C884B000FCCCE7 /* KnobsProperties.swift in Sources */,
				450C7B5825C48A4F00764496 /* RangeSelectedCalculator.swift in Sources */,
				451AF80325C6E0A900DD37CE /* RangeSlider+Modifiers.swift in Sources */,
				459630CD25C89C0E00FCCCE7 /* ProgressViewsPropertiesFactory.swift in Sources */,
				451AF80C25C6E32F00DD37CE /* KnobProperties.swift in Sources */,
				459630B825C8841B00FCCCE7 /* RangeUISliderSetup.swift in Sources */,
				4571869425A5CFE300541D67 /* RangeSliderCoordinator.swift in Sources */,
				450C7B6A25C48A7500764496 /* Knob.swift in Sources */,
				4571869925A5D01500541D67 /* RangeSliderSettings.swift in Sources */,
				4538955425C5D62700389905 /* RangeUISliderCreator.swift in Sources */,
				450C7B5925C48A4F00764496 /* StepCalculator.swift in Sources */,
				450C7B6925C48A7500764496 /* Gradient.swift in Sources */,
				459630DD25C8A26100FCCCE7 /* GradientProperties.swift in Sources */,
				459630ED25C8A32D00FCCCE7 /* GradientPoints.swift in Sources */,
				450C7B4F25C489E200764496 /* DimensionConstraintFactory.swift in Sources */,
				459630D525C89CC500FCCCE7 /* KnobsPropertiesFactory.swift in Sources */,
				450C7B6525C48A7500764496 /* Progress.swift in Sources */,
				4538956F25C5DF8700389905 /* KnobPosition.swift in Sources */,
				451AF81125C6E36F00DD37CE /* Dimensions.swift in Sources */,
				450C7B6825C48A7500764496 /* RangeSlider.swift in Sources */,
				450C7B7525C490C100764496 /* ConstraintViews.swift in Sources */,
				45949DBC25C6CB5300F09F3B /* ConstraintFactory.swift in Sources */,
			);
			runOnlyForDeploymentPostprocessing = 0;
		};
		45F0647F2599E3CC007B25A7 /* Sources */ = {
			isa = PBXSourcesBuildPhase;
			buildActionMask = 2147483647;
			files = (
				455BF12E259B4B2D0026BE56 /* ProgrammaticKnobChangeTests.swift in Sources */,
				455BF125259B44F80026BE56 /* InsideTableViewTests.swift in Sources */,
				45F064862599E3CC007B25A7 /* MixedFeaturesTests.swift in Sources */,
				459CBEB7259B638300FCA5AB /* ProgrammaticScaleChangeTests.swift in Sources */,
			);
			runOnlyForDeploymentPostprocessing = 0;
		};
		45F064912599E511007B25A7 /* Sources */ = {
			isa = PBXSourcesBuildPhase;
			buildActionMask = 2147483647;
			files = (
				45F064CE2599E941007B25A7 /* MixedFeaturesViewController.swift in Sources */,
				45F064B92599E6EE007B25A7 /* SetupProgrammaticViewController.swift in Sources */,
				45F064B62599E6EE007B25A7 /* SliderInsideTableViewViewController.swift in Sources */,
				4520C27125A349F00018042D /* SwiftUIHostingViewController.swift in Sources */,
				45F064982599E511007B25A7 /* AppDelegate.swift in Sources */,
				45F0649A2599E511007B25A7 /* SceneDelegate.swift in Sources */,
				45F064B72599E6EE007B25A7 /* ChangeKnobsProgrammaticViewController.swift in Sources */,
				45F064BA2599E6EE007B25A7 /* CellWithSlider.swift in Sources */,
				45F064B82599E6EE007B25A7 /* ChangeScaleProgrammaticViewController.swift in Sources */,
				45F064BB2599E6EE007B25A7 /* GroupedFeaturesTableViewController.swift in Sources */,
			);
			runOnlyForDeploymentPostprocessing = 0;
		};
/* End PBXSourcesBuildPhase section */

/* Begin PBXTargetDependency section */
		459CBEFB259B79D000FCA5AB /* PBXTargetDependency */ = {
			isa = PBXTargetDependency;
			platformFilter = ios;
			target = 45E215231E8E812E00F0B8B9 /* RangeUISlider */;
			targetProxy = 459CBEFA259B79D000FCA5AB /* PBXContainerItemProxy */;
		};
		45F064CC2599E86A007B25A7 /* PBXTargetDependency */ = {
			isa = PBXTargetDependency;
			target = 45F064942599E511007B25A7 /* RangeUISliderDemo */;
			targetProxy = 45F064CB2599E86A007B25A7 /* PBXContainerItemProxy */;
		};
		45F064DC2599F310007B25A7 /* PBXTargetDependency */ = {
			isa = PBXTargetDependency;
			target = 45E215231E8E812E00F0B8B9 /* RangeUISlider */;
			targetProxy = 45F064DB2599F310007B25A7 /* PBXContainerItemProxy */;
		};
/* End PBXTargetDependency section */

/* Begin PBXVariantGroup section */
		45F0649D2599E511007B25A7 /* Main.storyboard */ = {
			isa = PBXVariantGroup;
			children = (
				45F0649E2599E511007B25A7 /* Base */,
			);
			name = Main.storyboard;
			sourceTree = "<group>";
		};
		45F064A22599E511007B25A7 /* LaunchScreen.storyboard */ = {
			isa = PBXVariantGroup;
			children = (
				45F064A32599E511007B25A7 /* Base */,
			);
			name = LaunchScreen.storyboard;
			sourceTree = "<group>";
		};
/* End PBXVariantGroup section */

/* Begin XCBuildConfiguration section */
		459CBEFC259B79D000FCA5AB /* Debug */ = {
			isa = XCBuildConfiguration;
			buildSettings = {
				CLANG_CXX_LANGUAGE_STANDARD = "gnu++14";
				CLANG_ENABLE_OBJC_WEAK = YES;
				CLANG_WARN_UNGUARDED_AVAILABILITY = YES_AGGRESSIVE;
				CODE_SIGN_STYLE = Automatic;
				DEVELOPMENT_TEAM = Y682K92RZU;
				GCC_C_LANGUAGE_STANDARD = gnu11;
				INFOPLIST_FILE = RangeUISliderTests/Info.plist;
				IPHONEOS_DEPLOYMENT_TARGET = 14.0;
				LD_RUNPATH_SEARCH_PATHS = (
					"$(inherited)",
					"@executable_path/Frameworks",
					"@loader_path/Frameworks",
				);
				MTL_ENABLE_DEBUG_INFO = INCLUDE_SOURCE;
				MTL_FAST_MATH = YES;
				PRODUCT_BUNDLE_IDENTIFIER = it.chicio.RangeUISliderTests;
				PRODUCT_NAME = "$(TARGET_NAME)";
				SUPPORTS_MACCATALYST = NO;
				SWIFT_VERSION = 5.0;
				TARGETED_DEVICE_FAMILY = "1,2";
			};
			name = Debug;
		};
		459CBEFD259B79D000FCA5AB /* Release */ = {
			isa = XCBuildConfiguration;
			buildSettings = {
				CLANG_CXX_LANGUAGE_STANDARD = "gnu++14";
				CLANG_ENABLE_OBJC_WEAK = YES;
				CLANG_WARN_UNGUARDED_AVAILABILITY = YES_AGGRESSIVE;
				CODE_SIGN_STYLE = Automatic;
				DEVELOPMENT_TEAM = Y682K92RZU;
				GCC_C_LANGUAGE_STANDARD = gnu11;
				INFOPLIST_FILE = RangeUISliderTests/Info.plist;
				IPHONEOS_DEPLOYMENT_TARGET = 14.0;
				LD_RUNPATH_SEARCH_PATHS = (
					"$(inherited)",
					"@executable_path/Frameworks",
					"@loader_path/Frameworks",
				);
				MTL_FAST_MATH = YES;
				PRODUCT_BUNDLE_IDENTIFIER = it.chicio.RangeUISliderTests;
				PRODUCT_NAME = "$(TARGET_NAME)";
				SUPPORTS_MACCATALYST = NO;
				SWIFT_VERSION = 5.0;
				TARGETED_DEVICE_FAMILY = "1,2";
			};
			name = Release;
		};
		45E2152A1E8E812E00F0B8B9 /* Debug */ = {
			isa = XCBuildConfiguration;
			buildSettings = {
				ALWAYS_SEARCH_USER_PATHS = NO;
				CLANG_ANALYZER_LOCALIZABILITY_NONLOCALIZED = YES;
				CLANG_ANALYZER_NONNULL = YES;
				CLANG_ANALYZER_NUMBER_OBJECT_CONVERSION = YES_AGGRESSIVE;
				CLANG_CXX_LANGUAGE_STANDARD = "gnu++0x";
				CLANG_CXX_LIBRARY = "libc++";
				CLANG_ENABLE_MODULES = YES;
				CLANG_ENABLE_OBJC_ARC = YES;
				CLANG_WARN_BLOCK_CAPTURE_AUTORELEASING = YES;
				CLANG_WARN_BOOL_CONVERSION = YES;
				CLANG_WARN_COMMA = YES;
				CLANG_WARN_CONSTANT_CONVERSION = YES;
				CLANG_WARN_DEPRECATED_OBJC_IMPLEMENTATIONS = YES;
				CLANG_WARN_DIRECT_OBJC_ISA_USAGE = YES_ERROR;
				CLANG_WARN_DOCUMENTATION_COMMENTS = YES;
				CLANG_WARN_EMPTY_BODY = YES;
				CLANG_WARN_ENUM_CONVERSION = YES;
				CLANG_WARN_INFINITE_RECURSION = YES;
				CLANG_WARN_INT_CONVERSION = YES;
				CLANG_WARN_NON_LITERAL_NULL_CONVERSION = YES;
				CLANG_WARN_OBJC_IMPLICIT_RETAIN_SELF = YES;
				CLANG_WARN_OBJC_LITERAL_CONVERSION = YES;
				CLANG_WARN_OBJC_ROOT_CLASS = YES_ERROR;
				CLANG_WARN_QUOTED_INCLUDE_IN_FRAMEWORK_HEADER = YES;
				CLANG_WARN_RANGE_LOOP_ANALYSIS = YES;
				CLANG_WARN_STRICT_PROTOTYPES = YES;
				CLANG_WARN_SUSPICIOUS_MOVE = YES;
				CLANG_WARN_UNREACHABLE_CODE = YES;
				CLANG_WARN__DUPLICATE_METHOD_MATCH = YES;
				"CODE_SIGN_IDENTITY[sdk=iphoneos*]" = "iPhone Developer";
				COPY_PHASE_STRIP = NO;
				CURRENT_PROJECT_VERSION = 1;
				DEBUG_INFORMATION_FORMAT = dwarf;
				ENABLE_STRICT_OBJC_MSGSEND = YES;
				ENABLE_TESTABILITY = YES;
				GCC_C_LANGUAGE_STANDARD = gnu99;
				GCC_DYNAMIC_NO_PIC = NO;
				GCC_NO_COMMON_BLOCKS = YES;
				GCC_OPTIMIZATION_LEVEL = 0;
				GCC_PREPROCESSOR_DEFINITIONS = (
					"DEBUG=1",
					"$(inherited)",
				);
				GCC_WARN_64_TO_32_BIT_CONVERSION = YES;
				GCC_WARN_ABOUT_RETURN_TYPE = YES_ERROR;
				GCC_WARN_UNDECLARED_SELECTOR = YES;
				GCC_WARN_UNINITIALIZED_AUTOS = YES_AGGRESSIVE;
				GCC_WARN_UNUSED_FUNCTION = YES;
				GCC_WARN_UNUSED_VARIABLE = YES;
				IPHONEOS_DEPLOYMENT_TARGET = 9.0;
				MTL_ENABLE_DEBUG_INFO = YES;
				ONLY_ACTIVE_ARCH = YES;
				SDKROOT = iphoneos;
				SWIFT_ACTIVE_COMPILATION_CONDITIONS = DEBUG;
				SWIFT_OPTIMIZATION_LEVEL = "-Onone";
				TARGETED_DEVICE_FAMILY = "1,2";
				VERSIONING_SYSTEM = "apple-generic";
				VERSION_INFO_PREFIX = "";
			};
			name = Debug;
		};
		45E2152B1E8E812E00F0B8B9 /* Release */ = {
			isa = XCBuildConfiguration;
			buildSettings = {
				ALWAYS_SEARCH_USER_PATHS = NO;
				CLANG_ANALYZER_LOCALIZABILITY_NONLOCALIZED = YES;
				CLANG_ANALYZER_NONNULL = YES;
				CLANG_ANALYZER_NUMBER_OBJECT_CONVERSION = YES_AGGRESSIVE;
				CLANG_CXX_LANGUAGE_STANDARD = "gnu++0x";
				CLANG_CXX_LIBRARY = "libc++";
				CLANG_ENABLE_MODULES = YES;
				CLANG_ENABLE_OBJC_ARC = YES;
				CLANG_WARN_BLOCK_CAPTURE_AUTORELEASING = YES;
				CLANG_WARN_BOOL_CONVERSION = YES;
				CLANG_WARN_COMMA = YES;
				CLANG_WARN_CONSTANT_CONVERSION = YES;
				CLANG_WARN_DEPRECATED_OBJC_IMPLEMENTATIONS = YES;
				CLANG_WARN_DIRECT_OBJC_ISA_USAGE = YES_ERROR;
				CLANG_WARN_DOCUMENTATION_COMMENTS = YES;
				CLANG_WARN_EMPTY_BODY = YES;
				CLANG_WARN_ENUM_CONVERSION = YES;
				CLANG_WARN_INFINITE_RECURSION = YES;
				CLANG_WARN_INT_CONVERSION = YES;
				CLANG_WARN_NON_LITERAL_NULL_CONVERSION = YES;
				CLANG_WARN_OBJC_IMPLICIT_RETAIN_SELF = YES;
				CLANG_WARN_OBJC_LITERAL_CONVERSION = YES;
				CLANG_WARN_OBJC_ROOT_CLASS = YES_ERROR;
				CLANG_WARN_QUOTED_INCLUDE_IN_FRAMEWORK_HEADER = YES;
				CLANG_WARN_RANGE_LOOP_ANALYSIS = YES;
				CLANG_WARN_STRICT_PROTOTYPES = YES;
				CLANG_WARN_SUSPICIOUS_MOVE = YES;
				CLANG_WARN_UNREACHABLE_CODE = YES;
				CLANG_WARN__DUPLICATE_METHOD_MATCH = YES;
				"CODE_SIGN_IDENTITY[sdk=iphoneos*]" = "iPhone Developer";
				COPY_PHASE_STRIP = NO;
				CURRENT_PROJECT_VERSION = 1;
				DEBUG_INFORMATION_FORMAT = "dwarf-with-dsym";
				ENABLE_NS_ASSERTIONS = NO;
				ENABLE_STRICT_OBJC_MSGSEND = YES;
				GCC_C_LANGUAGE_STANDARD = gnu99;
				GCC_NO_COMMON_BLOCKS = YES;
				GCC_WARN_64_TO_32_BIT_CONVERSION = YES;
				GCC_WARN_ABOUT_RETURN_TYPE = YES_ERROR;
				GCC_WARN_UNDECLARED_SELECTOR = YES;
				GCC_WARN_UNINITIALIZED_AUTOS = YES_AGGRESSIVE;
				GCC_WARN_UNUSED_FUNCTION = YES;
				GCC_WARN_UNUSED_VARIABLE = YES;
				IPHONEOS_DEPLOYMENT_TARGET = 9.0;
				MTL_ENABLE_DEBUG_INFO = NO;
				SDKROOT = iphoneos;
				SWIFT_COMPILATION_MODE = wholemodule;
				SWIFT_OPTIMIZATION_LEVEL = "-O";
				TARGETED_DEVICE_FAMILY = "1,2";
				VALIDATE_PRODUCT = YES;
				VERSIONING_SYSTEM = "apple-generic";
				VERSION_INFO_PREFIX = "";
			};
			name = Release;
		};
		45E2152D1E8E812E00F0B8B9 /* Debug */ = {
			isa = XCBuildConfiguration;
			buildSettings = {
				CLANG_ENABLE_MODULES = YES;
				CODE_SIGN_IDENTITY = "";
				DEFINES_MODULE = YES;
				DYLIB_COMPATIBILITY_VERSION = 1;
				DYLIB_CURRENT_VERSION = 1;
				DYLIB_INSTALL_NAME_BASE = "@rpath";
				INFOPLIST_FILE = Source/Info.plist;
				INSTALL_PATH = "$(LOCAL_LIBRARY_DIR)/Frameworks";
				IPHONEOS_DEPLOYMENT_TARGET = 9.0;
				LD_RUNPATH_SEARCH_PATHS = (
					"$(inherited)",
					"@executable_path/Frameworks",
					"@loader_path/Frameworks",
				);
				MARKETING_VERSION = 1.13.0;
				PRODUCT_BUNDLE_IDENTIFIER = it.chicio.ios.RangeUISlider;
				PRODUCT_NAME = "$(TARGET_NAME)";
				SKIP_INSTALL = YES;
				SUPPORTS_MACCATALYST = NO;
				SWIFT_OPTIMIZATION_LEVEL = "-Onone";
				SWIFT_VERSION = 5.0;
				TARGETED_DEVICE_FAMILY = "1,2";
			};
			name = Debug;
		};
		45E2152E1E8E812E00F0B8B9 /* Release */ = {
			isa = XCBuildConfiguration;
			buildSettings = {
				CLANG_ENABLE_MODULES = YES;
				CODE_SIGN_IDENTITY = "";
				DEFINES_MODULE = YES;
				DYLIB_COMPATIBILITY_VERSION = 1;
				DYLIB_CURRENT_VERSION = 1;
				DYLIB_INSTALL_NAME_BASE = "@rpath";
				INFOPLIST_FILE = Source/Info.plist;
				INSTALL_PATH = "$(LOCAL_LIBRARY_DIR)/Frameworks";
				IPHONEOS_DEPLOYMENT_TARGET = 9.0;
				LD_RUNPATH_SEARCH_PATHS = (
					"$(inherited)",
					"@executable_path/Frameworks",
					"@loader_path/Frameworks",
				);
				MARKETING_VERSION = 1.13.0;
				PRODUCT_BUNDLE_IDENTIFIER = it.chicio.ios.RangeUISlider;
				PRODUCT_NAME = "$(TARGET_NAME)";
				SKIP_INSTALL = YES;
				SUPPORTS_MACCATALYST = NO;
				SWIFT_VERSION = 5.0;
				TARGETED_DEVICE_FAMILY = "1,2";
			};
			name = Release;
		};
		45F064882599E3CC007B25A7 /* Debug */ = {
			isa = XCBuildConfiguration;
			buildSettings = {
				CLANG_CXX_LANGUAGE_STANDARD = "gnu++14";
				CLANG_ENABLE_OBJC_WEAK = YES;
				CLANG_WARN_UNGUARDED_AVAILABILITY = YES_AGGRESSIVE;
				CODE_SIGN_STYLE = Automatic;
				DEVELOPMENT_TEAM = Y682K92RZU;
				GCC_C_LANGUAGE_STANDARD = gnu11;
				INFOPLIST_FILE = RangeUISliderUITests/Info.plist;
				IPHONEOS_DEPLOYMENT_TARGET = 14.0;
				LD_RUNPATH_SEARCH_PATHS = (
					"$(inherited)",
					"@executable_path/Frameworks",
					"@loader_path/Frameworks",
				);
				MTL_ENABLE_DEBUG_INFO = INCLUDE_SOURCE;
				MTL_FAST_MATH = YES;
				PRODUCT_BUNDLE_IDENTIFIER = it.chicio.RangeUISliderUITests;
				PRODUCT_NAME = "$(TARGET_NAME)";
				PROVISIONING_PROFILE = "";
				SUPPORTS_MACCATALYST = NO;
				SWIFT_VERSION = 5.0;
				TARGETED_DEVICE_FAMILY = "1,2";
				TEST_TARGET_NAME = RangeUISliderDemo;
			};
			name = Debug;
		};
		45F064892599E3CC007B25A7 /* Release */ = {
			isa = XCBuildConfiguration;
			buildSettings = {
				CLANG_CXX_LANGUAGE_STANDARD = "gnu++14";
				CLANG_ENABLE_OBJC_WEAK = YES;
				CLANG_WARN_UNGUARDED_AVAILABILITY = YES_AGGRESSIVE;
				CODE_SIGN_STYLE = Automatic;
				DEVELOPMENT_TEAM = Y682K92RZU;
				GCC_C_LANGUAGE_STANDARD = gnu11;
				INFOPLIST_FILE = RangeUISliderUITests/Info.plist;
				IPHONEOS_DEPLOYMENT_TARGET = 14.0;
				LD_RUNPATH_SEARCH_PATHS = (
					"$(inherited)",
					"@executable_path/Frameworks",
					"@loader_path/Frameworks",
				);
				MTL_FAST_MATH = YES;
				PRODUCT_BUNDLE_IDENTIFIER = it.chicio.RangeUISliderUITests;
				PRODUCT_NAME = "$(TARGET_NAME)";
				PROVISIONING_PROFILE = "";
				SUPPORTS_MACCATALYST = NO;
				SWIFT_VERSION = 5.0;
				TARGETED_DEVICE_FAMILY = "1,2";
				TEST_TARGET_NAME = RangeUISliderDemo;
			};
			name = Release;
		};
		45F064A72599E511007B25A7 /* Debug */ = {
			isa = XCBuildConfiguration;
			buildSettings = {
				ASSETCATALOG_COMPILER_APPICON_NAME = AppIcon;
				ASSETCATALOG_COMPILER_GLOBAL_ACCENT_COLOR_NAME = AccentColor;
				CLANG_CXX_LANGUAGE_STANDARD = "gnu++14";
				CLANG_ENABLE_OBJC_WEAK = YES;
				CLANG_WARN_UNGUARDED_AVAILABILITY = YES_AGGRESSIVE;
				CODE_SIGN_STYLE = Automatic;
				DEVELOPMENT_TEAM = Y682K92RZU;
				GCC_C_LANGUAGE_STANDARD = gnu11;
				INFOPLIST_FILE = RangeUISliderDemo/Info.plist;
				IPHONEOS_DEPLOYMENT_TARGET = 14.0;
				LD_RUNPATH_SEARCH_PATHS = (
					"$(inherited)",
					"@executable_path/Frameworks",
				);
				MTL_ENABLE_DEBUG_INFO = INCLUDE_SOURCE;
				MTL_FAST_MATH = YES;
				PRODUCT_BUNDLE_IDENTIFIER = it.chicio.RangeUISliderDemo;
				PRODUCT_NAME = "$(TARGET_NAME)";
				SWIFT_VERSION = 5.0;
				TARGETED_DEVICE_FAMILY = "1,2";
			};
			name = Debug;
		};
		45F064A82599E511007B25A7 /* Release */ = {
			isa = XCBuildConfiguration;
			buildSettings = {
				ASSETCATALOG_COMPILER_APPICON_NAME = AppIcon;
				ASSETCATALOG_COMPILER_GLOBAL_ACCENT_COLOR_NAME = AccentColor;
				CLANG_CXX_LANGUAGE_STANDARD = "gnu++14";
				CLANG_ENABLE_OBJC_WEAK = YES;
				CLANG_WARN_UNGUARDED_AVAILABILITY = YES_AGGRESSIVE;
				CODE_SIGN_STYLE = Automatic;
				DEVELOPMENT_TEAM = Y682K92RZU;
				GCC_C_LANGUAGE_STANDARD = gnu11;
				INFOPLIST_FILE = RangeUISliderDemo/Info.plist;
				IPHONEOS_DEPLOYMENT_TARGET = 14.0;
				LD_RUNPATH_SEARCH_PATHS = (
					"$(inherited)",
					"@executable_path/Frameworks",
				);
				MTL_FAST_MATH = YES;
				PRODUCT_BUNDLE_IDENTIFIER = it.chicio.RangeUISliderDemo;
				PRODUCT_NAME = "$(TARGET_NAME)";
				SWIFT_VERSION = 5.0;
				TARGETED_DEVICE_FAMILY = "1,2";
			};
			name = Release;
		};
/* End XCBuildConfiguration section */

/* Begin XCConfigurationList section */
		459CBEFE259B79D000FCA5AB /* Build configuration list for PBXNativeTarget "RangeUISliderTests" */ = {
			isa = XCConfigurationList;
			buildConfigurations = (
				459CBEFC259B79D000FCA5AB /* Debug */,
				459CBEFD259B79D000FCA5AB /* Release */,
			);
			defaultConfigurationIsVisible = 0;
			defaultConfigurationName = Release;
		};
		45E2151E1E8E812E00F0B8B9 /* Build configuration list for PBXProject "RangeUISlider" */ = {
			isa = XCConfigurationList;
			buildConfigurations = (
				45E2152A1E8E812E00F0B8B9 /* Debug */,
				45E2152B1E8E812E00F0B8B9 /* Release */,
			);
			defaultConfigurationIsVisible = 0;
			defaultConfigurationName = Release;
		};
		45E2152C1E8E812E00F0B8B9 /* Build configuration list for PBXNativeTarget "RangeUISlider" */ = {
			isa = XCConfigurationList;
			buildConfigurations = (
				45E2152D1E8E812E00F0B8B9 /* Debug */,
				45E2152E1E8E812E00F0B8B9 /* Release */,
			);
			defaultConfigurationIsVisible = 0;
			defaultConfigurationName = Release;
		};
		45F0648A2599E3CC007B25A7 /* Build configuration list for PBXNativeTarget "RangeUISliderUITests" */ = {
			isa = XCConfigurationList;
			buildConfigurations = (
				45F064882599E3CC007B25A7 /* Debug */,
				45F064892599E3CC007B25A7 /* Release */,
			);
			defaultConfigurationIsVisible = 0;
			defaultConfigurationName = Release;
		};
		45F064A62599E511007B25A7 /* Build configuration list for PBXNativeTarget "RangeUISliderDemo" */ = {
			isa = XCConfigurationList;
			buildConfigurations = (
				45F064A72599E511007B25A7 /* Debug */,
				45F064A82599E511007B25A7 /* Release */,
			);
			defaultConfigurationIsVisible = 0;
			defaultConfigurationName = Release;
		};
/* End XCConfigurationList section */
	};
	rootObject = 45E2151B1E8E812E00F0B8B9 /* Project object */;
}
