// !$*UTF8*$!
{
	archiveVersion = 1;
	classes = {
	};
	objectVersion = 46;
	objects = {

/* Begin PBXBuildFile section */
		45BD66C7209B36F100A19D22 /* SetupProgrammaticViewController.swift in Sources */ = {isa = PBXBuildFile; fileRef = 45BD66C6209B36F100A19D22 /* SetupProgrammaticViewController.swift */; };
		5F42D28F1E8FDF8F008F15CE /* GroupedFeaturesTableViewController.swift in Sources */ = {isa = PBXBuildFile; fileRef = 5F42D28E1E8FDF8F008F15CE /* GroupedFeaturesTableViewController.swift */; };
		5F9045671E913EE000607428 /* RangeUISlider.framework in Frameworks */ = {isa = PBXBuildFile; fileRef = 5F42D28B1E8FB2F9008F15CE /* RangeUISlider.framework */; };
		5F9045681E913EE000607428 /* RangeUISlider.framework in Embed Frameworks */ = {isa = PBXBuildFile; fileRef = 5F42D28B1E8FB2F9008F15CE /* RangeUISlider.framework */; settings = {ATTRIBUTES = (CodeSignOnCopy, RemoveHeadersOnCopy, ); }; };
		5FCE8A301E79D1A400F888BC /* AppDelegate.swift in Sources */ = {isa = PBXBuildFile; fileRef = 5FCE8A2F1E79D1A400F888BC /* AppDelegate.swift */; };
		5FCE8A321E79D1A400F888BC /* ViewController.swift in Sources */ = {isa = PBXBuildFile; fileRef = 5FCE8A311E79D1A400F888BC /* ViewController.swift */; };
		5FCE8A351E79D1A400F888BC /* Main.storyboard in Resources */ = {isa = PBXBuildFile; fileRef = 5FCE8A331E79D1A400F888BC /* Main.storyboard */; };
		5FCE8A371E79D1A400F888BC /* Assets.xcassets in Resources */ = {isa = PBXBuildFile; fileRef = 5FCE8A361E79D1A400F888BC /* Assets.xcassets */; };
		5FCE8A3A1E79D1A400F888BC /* LaunchScreen.storyboard in Resources */ = {isa = PBXBuildFile; fileRef = 5FCE8A381E79D1A400F888BC /* LaunchScreen.storyboard */; };
/* End PBXBuildFile section */

/* Begin PBXContainerItemProxy section */
		5F42D28A1E8FB2F9008F15CE /* PBXContainerItemProxy */ = {
			isa = PBXContainerItemProxy;
			containerPortal = 45E215441E8F064600F0B8B9 /* RangeUISlider.xcodeproj */;
			proxyType = 2;
			remoteGlobalIDString = 45E215241E8E812E00F0B8B9;
			remoteInfo = RangeUISlider;
		};
/* End PBXContainerItemProxy section */

/* Begin PBXCopyFilesBuildPhase section */
		45E2153D1E8E890900F0B8B9 /* Embed Frameworks */ = {
			isa = PBXCopyFilesBuildPhase;
			buildActionMask = 2147483647;
			dstPath = "";
			dstSubfolderSpec = 10;
			files = (
				5F9045681E913EE000607428 /* RangeUISlider.framework in Embed Frameworks */,
			);
			name = "Embed Frameworks";
			runOnlyForDeploymentPostprocessing = 0;
		};
/* End PBXCopyFilesBuildPhase section */

/* Begin PBXFileReference section */
		45BD66C6209B36F100A19D22 /* SetupProgrammaticViewController.swift */ = {isa = PBXFileReference; lastKnownFileType = sourcecode.swift; path = SetupProgrammaticViewController.swift; sourceTree = "<group>"; };
		45E215441E8F064600F0B8B9 /* RangeUISlider.xcodeproj */ = {isa = PBXFileReference; lastKnownFileType = "wrapper.pb-project"; path = RangeUISlider.xcodeproj; sourceTree = "<group>"; };
		5F42D28E1E8FDF8F008F15CE /* GroupedFeaturesTableViewController.swift */ = {isa = PBXFileReference; fileEncoding = 4; lastKnownFileType = sourcecode.swift; path = GroupedFeaturesTableViewController.swift; sourceTree = "<group>"; };
		5FCE8A2C1E79D1A400F888BC /* Demo.app */ = {isa = PBXFileReference; explicitFileType = wrapper.application; includeInIndex = 0; path = Demo.app; sourceTree = BUILT_PRODUCTS_DIR; };
		5FCE8A2F1E79D1A400F888BC /* AppDelegate.swift */ = {isa = PBXFileReference; lastKnownFileType = sourcecode.swift; path = AppDelegate.swift; sourceTree = "<group>"; };
		5FCE8A311E79D1A400F888BC /* ViewController.swift */ = {isa = PBXFileReference; lastKnownFileType = sourcecode.swift; path = ViewController.swift; sourceTree = "<group>"; };
		5FCE8A341E79D1A400F888BC /* Base */ = {isa = PBXFileReference; lastKnownFileType = file.storyboard; name = Base; path = Base.lproj/Main.storyboard; sourceTree = "<group>"; };
		5FCE8A361E79D1A400F888BC /* Assets.xcassets */ = {isa = PBXFileReference; lastKnownFileType = folder.assetcatalog; path = Assets.xcassets; sourceTree = "<group>"; };
		5FCE8A391E79D1A400F888BC /* Base */ = {isa = PBXFileReference; lastKnownFileType = file.storyboard; name = Base; path = Base.lproj/LaunchScreen.storyboard; sourceTree = "<group>"; };
		5FCE8A3B1E79D1A400F888BC /* Info.plist */ = {isa = PBXFileReference; lastKnownFileType = text.plist.xml; path = Info.plist; sourceTree = "<group>"; };
/* End PBXFileReference section */

/* Begin PBXFrameworksBuildPhase section */
		5FCE8A291E79D1A400F888BC /* Frameworks */ = {
			isa = PBXFrameworksBuildPhase;
			buildActionMask = 2147483647;
			files = (
				5F9045671E913EE000607428 /* RangeUISlider.framework in Frameworks */,
			);
			runOnlyForDeploymentPostprocessing = 0;
		};
/* End PBXFrameworksBuildPhase section */

/* Begin PBXGroup section */
		5F42D2871E8FB2F9008F15CE /* Products */ = {
			isa = PBXGroup;
			children = (
				5F42D28B1E8FB2F9008F15CE /* RangeUISlider.framework */,
			);
			name = Products;
			sourceTree = "<group>";
		};
		5FCE8A231E79D1A400F888BC = {
			isa = PBXGroup;
			children = (
				45E215441E8F064600F0B8B9 /* RangeUISlider.xcodeproj */,
				5FCE8A2E1E79D1A400F888BC /* Demo */,
				5FCE8A2D1E79D1A400F888BC /* Products */,
			);
			sourceTree = "<group>";
		};
		5FCE8A2D1E79D1A400F888BC /* Products */ = {
			isa = PBXGroup;
			children = (
				5FCE8A2C1E79D1A400F888BC /* Demo.app */,
			);
			name = Products;
			sourceTree = "<group>";
		};
		5FCE8A2E1E79D1A400F888BC /* Demo */ = {
			isa = PBXGroup;
			children = (
				5FCE8A2F1E79D1A400F888BC /* AppDelegate.swift */,
				5FCE8A311E79D1A400F888BC /* ViewController.swift */,
				45BD66C6209B36F100A19D22 /* SetupProgrammaticViewController.swift */,
				5F42D28E1E8FDF8F008F15CE /* GroupedFeaturesTableViewController.swift */,
				5FCE8A331E79D1A400F888BC /* Main.storyboard */,
				5FCE8A361E79D1A400F888BC /* Assets.xcassets */,
				5FCE8A381E79D1A400F888BC /* LaunchScreen.storyboard */,
				5FCE8A3B1E79D1A400F888BC /* Info.plist */,
			);
			path = Demo;
			sourceTree = "<group>";
		};
/* End PBXGroup section */

/* Begin PBXNativeTarget section */
		5FCE8A2B1E79D1A400F888BC /* Demo */ = {
			isa = PBXNativeTarget;
			buildConfigurationList = 5FCE8A3E1E79D1A400F888BC /* Build configuration list for PBXNativeTarget "Demo" */;
			buildPhases = (
				5FCE8A281E79D1A400F888BC /* Sources */,
				5FCE8A291E79D1A400F888BC /* Frameworks */,
				5FCE8A2A1E79D1A400F888BC /* Resources */,
				45E2153D1E8E890900F0B8B9 /* Embed Frameworks */,
			);
			buildRules = (
			);
			dependencies = (
			);
			name = Demo;
			productName = DoubleSliderProject;
			productReference = 5FCE8A2C1E79D1A400F888BC /* Demo.app */;
			productType = "com.apple.product-type.application";
		};
/* End PBXNativeTarget section */

/* Begin PBXProject section */
		5FCE8A241E79D1A400F888BC /* Project object */ = {
			isa = PBXProject;
			attributes = {
				LastSwiftUpdateCheck = 0820;
				LastUpgradeCheck = 1020;
				ORGANIZATIONNAME = "Fabrizio Duroni";
				TargetAttributes = {
					5FCE8A2B1E79D1A400F888BC = {
						CreatedOnToolsVersion = 8.2.1;
						DevelopmentTeam = Y682K92RZU;
						LastSwiftMigration = 1020;
						ProvisioningStyle = Automatic;
					};
				};
			};
			buildConfigurationList = 5FCE8A271E79D1A400F888BC /* Build configuration list for PBXProject "Demo" */;
			compatibilityVersion = "Xcode 3.2";
			developmentRegion = en;
			hasScannedForEncodings = 0;
			knownRegions = (
				en,
				Base,
			);
			mainGroup = 5FCE8A231E79D1A400F888BC;
			productRefGroup = 5FCE8A2D1E79D1A400F888BC /* Products */;
			projectDirPath = "";
			projectReferences = (
				{
					ProductGroup = 5F42D2871E8FB2F9008F15CE /* Products */;
					ProjectRef = 45E215441E8F064600F0B8B9 /* RangeUISlider.xcodeproj */;
				},
			);
			projectRoot = "";
			targets = (
				5FCE8A2B1E79D1A400F888BC /* Demo */,
			);
		};
/* End PBXProject section */

/* Begin PBXReferenceProxy section */
		5F42D28B1E8FB2F9008F15CE /* RangeUISlider.framework */ = {
			isa = PBXReferenceProxy;
			fileType = wrapper.framework;
			path = RangeUISlider.framework;
			remoteRef = 5F42D28A1E8FB2F9008F15CE /* PBXContainerItemProxy */;
			sourceTree = BUILT_PRODUCTS_DIR;
		};
/* End PBXReferenceProxy section */

/* Begin PBXResourcesBuildPhase section */
		5FCE8A2A1E79D1A400F888BC /* Resources */ = {
			isa = PBXResourcesBuildPhase;
			buildActionMask = 2147483647;
			files = (
				5FCE8A3A1E79D1A400F888BC /* LaunchScreen.storyboard in Resources */,
				5FCE8A371E79D1A400F888BC /* Assets.xcassets in Resources */,
				5FCE8A351E79D1A400F888BC /* Main.storyboard in Resources */,
			);
			runOnlyForDeploymentPostprocessing = 0;
		};
/* End PBXResourcesBuildPhase section */

/* Begin PBXSourcesBuildPhase section */
		5FCE8A281E79D1A400F888BC /* Sources */ = {
			isa = PBXSourcesBuildPhase;
			buildActionMask = 2147483647;
			files = (
				5F42D28F1E8FDF8F008F15CE /* GroupedFeaturesTableViewController.swift in Sources */,
				5FCE8A321E79D1A400F888BC /* ViewController.swift in Sources */,
				45BD66C7209B36F100A19D22 /* SetupProgrammaticViewController.swift in Sources */,
				5FCE8A301E79D1A400F888BC /* AppDelegate.swift in Sources */,
			);
			runOnlyForDeploymentPostprocessing = 0;
		};
/* End PBXSourcesBuildPhase section */

/* Begin PBXVariantGroup section */
		5FCE8A331E79D1A400F888BC /* Main.storyboard */ = {
			isa = PBXVariantGroup;
			children = (
				5FCE8A341E79D1A400F888BC /* Base */,
			);
			name = Main.storyboard;
			sourceTree = "<group>";
		};
		5FCE8A381E79D1A400F888BC /* LaunchScreen.storyboard */ = {
			isa = PBXVariantGroup;
			children = (
				5FCE8A391E79D1A400F888BC /* Base */,
			);
			name = LaunchScreen.storyboard;
			sourceTree = "<group>";
		};
/* End PBXVariantGroup section */

/* Begin XCBuildConfiguration section */
		5FCE8A3C1E79D1A400F888BC /* Debug */ = {
			isa = XCBuildConfiguration;
			buildSettings = {
				ALWAYS_SEARCH_USER_PATHS = NO;
				CLANG_ANALYZER_LOCALIZABILITY_NONLOCALIZED = YES;
				CLANG_ANALYZER_NONNULL = YES;
				CLANG_CXX_LANGUAGE_STANDARD = "gnu++0x";
				CLANG_CXX_LIBRARY = "libc++";
				CLANG_ENABLE_MODULES = YES;
				CLANG_ENABLE_OBJC_ARC = YES;
				CLANG_WARN_BLOCK_CAPTURE_AUTORELEASING = YES;
				CLANG_WARN_BOOL_CONVERSION = YES;
				CLANG_WARN_COMMA = YES;
				CLANG_WARN_CONSTANT_CONVERSION = YES;
				CLANG_WARN_DEPRECATED_OBJC_IMPLEMENTATIONS = YES;
				CLANG_WARN_DIRECT_OBJC_ISA_USAGE = YES_ERROR;
				CLANG_WARN_DOCUMENTATION_COMMENTS = YES;
				CLANG_WARN_EMPTY_BODY = YES;
				CLANG_WARN_ENUM_CONVERSION = YES;
				CLANG_WARN_INFINITE_RECURSION = YES;
				CLANG_WARN_INT_CONVERSION = YES;
				CLANG_WARN_NON_LITERAL_NULL_CONVERSION = YES;
				CLANG_WARN_OBJC_IMPLICIT_RETAIN_SELF = YES;
				CLANG_WARN_OBJC_LITERAL_CONVERSION = YES;
				CLANG_WARN_OBJC_ROOT_CLASS = YES_ERROR;
				CLANG_WARN_RANGE_LOOP_ANALYSIS = YES;
				CLANG_WARN_STRICT_PROTOTYPES = YES;
				CLANG_WARN_SUSPICIOUS_MOVE = YES;
				CLANG_WARN_UNREACHABLE_CODE = YES;
				CLANG_WARN__DUPLICATE_METHOD_MATCH = YES;
				"CODE_SIGN_IDENTITY[sdk=iphoneos*]" = "iPhone Developer";
				COPY_PHASE_STRIP = NO;
				DEBUG_INFORMATION_FORMAT = dwarf;
				ENABLE_STRICT_OBJC_MSGSEND = YES;
				ENABLE_TESTABILITY = YES;
				GCC_C_LANGUAGE_STANDARD = gnu99;
				GCC_DYNAMIC_NO_PIC = NO;
				GCC_NO_COMMON_BLOCKS = YES;
				GCC_OPTIMIZATION_LEVEL = 0;
				GCC_PREPROCESSOR_DEFINITIONS = (
					"DEBUG=1",
					"$(inherited)",
				);
				GCC_WARN_64_TO_32_BIT_CONVERSION = YES;
				GCC_WARN_ABOUT_RETURN_TYPE = YES_ERROR;
				GCC_WARN_UNDECLARED_SELECTOR = YES;
				GCC_WARN_UNINITIALIZED_AUTOS = YES_AGGRESSIVE;
				GCC_WARN_UNUSED_FUNCTION = YES;
				GCC_WARN_UNUSED_VARIABLE = YES;
				IPHONEOS_DEPLOYMENT_TARGET = 8.0;
				MTL_ENABLE_DEBUG_INFO = YES;
				ONLY_ACTIVE_ARCH = YES;
				SDKROOT = iphoneos;
				SWIFT_ACTIVE_COMPILATION_CONDITIONS = DEBUG;
				SWIFT_OPTIMIZATION_LEVEL = "-Onone";
				SWIFT_SWIFT3_OBJC_INFERENCE = Off;
			};
			name = Debug;
		};
		5FCE8A3D1E79D1A400F888BC /* Release */ = {
			isa = XCBuildConfiguration;
			buildSettings = {
				ALWAYS_SEARCH_USER_PATHS = NO;
				CLANG_ANALYZER_LOCALIZABILITY_NONLOCALIZED = YES;
				CLANG_ANALYZER_NONNULL = YES;
				CLANG_CXX_LANGUAGE_STANDARD = "gnu++0x";
				CLANG_CXX_LIBRARY = "libc++";
				CLANG_ENABLE_MODULES = YES;
				CLANG_ENABLE_OBJC_ARC = YES;
				CLANG_WARN_BLOCK_CAPTURE_AUTORELEASING = YES;
				CLANG_WARN_BOOL_CONVERSION = YES;
				CLANG_WARN_COMMA = YES;
				CLANG_WARN_CONSTANT_CONVERSION = YES;
				CLANG_WARN_DEPRECATED_OBJC_IMPLEMENTATIONS = YES;
				CLANG_WARN_DIRECT_OBJC_ISA_USAGE = YES_ERROR;
				CLANG_WARN_DOCUMENTATION_COMMENTS = YES;
				CLANG_WARN_EMPTY_BODY = YES;
				CLANG_WARN_ENUM_CONVERSION = YES;
				CLANG_WARN_INFINITE_RECURSION = YES;
				CLANG_WARN_INT_CONVERSION = YES;
				CLANG_WARN_NON_LITERAL_NULL_CONVERSION = YES;
				CLANG_WARN_OBJC_IMPLICIT_RETAIN_SELF = YES;
				CLANG_WARN_OBJC_LITERAL_CONVERSION = YES;
				CLANG_WARN_OBJC_ROOT_CLASS = YES_ERROR;
				CLANG_WARN_RANGE_LOOP_ANALYSIS = YES;
				CLANG_WARN_STRICT_PROTOTYPES = YES;
				CLANG_WARN_SUSPICIOUS_MOVE = YES;
				CLANG_WARN_UNREACHABLE_CODE = YES;
				CLANG_WARN__DUPLICATE_METHOD_MATCH = YES;
				"CODE_SIGN_IDENTITY[sdk=iphoneos*]" = "iPhone Developer";
				COPY_PHASE_STRIP = NO;
				DEBUG_INFORMATION_FORMAT = "dwarf-with-dsym";
				ENABLE_NS_ASSERTIONS = NO;
				ENABLE_STRICT_OBJC_MSGSEND = YES;
				GCC_C_LANGUAGE_STANDARD = gnu99;
				GCC_NO_COMMON_BLOCKS = YES;
				GCC_WARN_64_TO_32_BIT_CONVERSION = YES;
				GCC_WARN_ABOUT_RETURN_TYPE = YES_ERROR;
				GCC_WARN_UNDECLARED_SELECTOR = YES;
				GCC_WARN_UNINITIALIZED_AUTOS = YES_AGGRESSIVE;
				GCC_WARN_UNUSED_FUNCTION = YES;
				GCC_WARN_UNUSED_VARIABLE = YES;
				IPHONEOS_DEPLOYMENT_TARGET = 8.0;
				MTL_ENABLE_DEBUG_INFO = NO;
				SDKROOT = iphoneos;
				SWIFT_OPTIMIZATION_LEVEL = "-Owholemodule";
				SWIFT_SWIFT3_OBJC_INFERENCE = Off;
				VALIDATE_PRODUCT = YES;
			};
			name = Release;
		};
		5FCE8A3F1E79D1A400F888BC /* Debug */ = {
			isa = XCBuildConfiguration;
			buildSettings = {
				ALWAYS_EMBED_SWIFT_STANDARD_LIBRARIES = YES;
				ASSETCATALOG_COMPILER_APPICON_NAME = AppIcon;
				DEVELOPMENT_TEAM = Y682K92RZU;
				INFOPLIST_FILE = Demo/Info.plist;
				LD_RUNPATH_SEARCH_PATHS = "$(inherited) @executable_path/Frameworks";
				PRODUCT_BUNDLE_IDENTIFIER = it.chicio.RangeUISlider.Demo;
				PRODUCT_NAME = "$(TARGET_NAME)";
				SWIFT_VERSION = 5.0;
			};
			name = Debug;
		};
		5FCE8A401E79D1A400F888BC /* Release */ = {
			isa = XCBuildConfiguration;
			buildSettings = {
				ALWAYS_EMBED_SWIFT_STANDARD_LIBRARIES = YES;
				ASSETCATALOG_COMPILER_APPICON_NAME = AppIcon;
				DEVELOPMENT_TEAM = Y682K92RZU;
				INFOPLIST_FILE = Demo/Info.plist;
				LD_RUNPATH_SEARCH_PATHS = "$(inherited) @executable_path/Frameworks";
				PRODUCT_BUNDLE_IDENTIFIER = it.chicio.RangeUISlider.Demo;
				PRODUCT_NAME = "$(TARGET_NAME)";
				SWIFT_VERSION = 5.0;
			};
			name = Release;
		};
/* End XCBuildConfiguration section */

/* Begin XCConfigurationList section */
		5FCE8A271E79D1A400F888BC /* Build configuration list for PBXProject "Demo" */ = {
			isa = XCConfigurationList;
			buildConfigurations = (
				5FCE8A3C1E79D1A400F888BC /* Debug */,
				5FCE8A3D1E79D1A400F888BC /* Release */,
			);
			defaultConfigurationIsVisible = 0;
			defaultConfigurationName = Release;
		};
		5FCE8A3E1E79D1A400F888BC /* Build configuration list for PBXNativeTarget "Demo" */ = {
			isa = XCConfigurationList;
			buildConfigurations = (
				5FCE8A3F1E79D1A400F888BC /* Debug */,
				5FCE8A401E79D1A400F888BC /* Release */,
			);
			defaultConfigurationIsVisible = 0;
			defaultConfigurationName = Release;
		};
/* End XCConfigurationList section */
	};
	rootObject = 5FCE8A241E79D1A400F888BC /* Project object */;
}
