// !$*UTF8*$!
{
	archiveVersion = 1;
	classes = {
	};
	objectVersion = 52;
	objects = {

/* Begin PBXBuildFile section */
		4581D3EE233A51F200A20379 /* RangeUISlider in Frameworks */ = {isa = PBXBuildFile; productRef = 4581D3ED233A51F200A20379 /* RangeUISlider */; };
		45E603D6233A4C8100E7465D /* AppDelegate.swift in Sources */ = {isa = PBXBuildFile; fileRef = 45E603D5233A4C8100E7465D /* AppDelegate.swift */; };
		45E603D8233A4C8100E7465D /* SceneDelegate.swift in Sources */ = {isa = PBXBuildFile; fileRef = 45E603D7233A4C8100E7465D /* SceneDelegate.swift */; };
		45E603DA233A4C8100E7465D /* ViewController.swift in Sources */ = {isa = PBXBuildFile; fileRef = 45E603D9233A4C8100E7465D /* ViewController.swift */; };
		45E603DD233A4C8100E7465D /* Main.storyboard in Resources */ = {isa = PBXBuildFile; fileRef = 45E603DB233A4C8100E7465D /* Main.storyboard */; };
		45E603DF233A4C8200E7465D /* Assets.xcassets in Resources */ = {isa = PBXBuildFile; fileRef = 45E603DE233A4C8200E7465D /* Assets.xcassets */; };
		45E603E2233A4C8200E7465D /* LaunchScreen.storyboard in Resources */ = {isa = PBXBuildFile; fileRef = 45E603E0233A4C8200E7465D /* LaunchScreen.storyboard */; };
/* End PBXBuildFile section */

/* Begin PBXFileReference section */
		45E603D2233A4C8100E7465D /* DemoSPM.app */ = {isa = PBXFileReference; explicitFileType = wrapper.application; includeInIndex = 0; path = DemoSPM.app; sourceTree = BUILT_PRODUCTS_DIR; };
		45E603D5233A4C8100E7465D /* AppDelegate.swift */ = {isa = PBXFileReference; lastKnownFileType = sourcecode.swift; path = AppDelegate.swift; sourceTree = "<group>"; };
		45E603D7233A4C8100E7465D /* SceneDelegate.swift */ = {isa = PBXFileReference; lastKnownFileType = sourcecode.swift; path = SceneDelegate.swift; sourceTree = "<group>"; };
		45E603D9233A4C8100E7465D /* ViewController.swift */ = {isa = PBXFileReference; lastKnownFileType = sourcecode.swift; path = ViewController.swift; sourceTree = "<group>"; };
		45E603DC233A4C8100E7465D /* Base */ = {isa = PBXFileReference; lastKnownFileType = file.storyboard; name = Base; path = Base.lproj/Main.storyboard; sourceTree = "<group>"; };
		45E603DE233A4C8200E7465D /* Assets.xcassets */ = {isa = PBXFileReference; lastKnownFileType = folder.assetcatalog; path = Assets.xcassets; sourceTree = "<group>"; };
		45E603E1233A4C8200E7465D /* Base */ = {isa = PBXFileReference; lastKnownFileType = file.storyboard; name = Base; path = Base.lproj/LaunchScreen.storyboard; sourceTree = "<group>"; };
		45E603E3233A4C8200E7465D /* Info.plist */ = {isa = PBXFileReference; lastKnownFileType = text.plist.xml; path = Info.plist; sourceTree = "<group>"; };
/* End PBXFileReference section */

/* Begin PBXFrameworksBuildPhase section */
		45E603CF233A4C8100E7465D /* Frameworks */ = {
			isa = PBXFrameworksBuildPhase;
			buildActionMask = 2147483647;
			files = (
				4581D3EE233A51F200A20379 /* RangeUISlider in Frameworks */,
			);
			runOnlyForDeploymentPostprocessing = 0;
		};
/* End PBXFrameworksBuildPhase section */

/* Begin PBXGroup section */
		45E603C9233A4C8100E7465D = {
			isa = PBXGroup;
			children = (
				45E603D4233A4C8100E7465D /* DemoSPM */,
				45E603D3233A4C8100E7465D /* Products */,
			);
			sourceTree = "<group>";
		};
		45E603D3233A4C8100E7465D /* Products */ = {
			isa = PBXGroup;
			children = (
				45E603D2233A4C8100E7465D /* DemoSPM.app */,
			);
			name = Products;
			sourceTree = "<group>";
		};
		45E603D4233A4C8100E7465D /* DemoSPM */ = {
			isa = PBXGroup;
			children = (
				45E603D5233A4C8100E7465D /* AppDelegate.swift */,
				45E603D7233A4C8100E7465D /* SceneDelegate.swift */,
				45E603D9233A4C8100E7465D /* ViewController.swift */,
				45E603DB233A4C8100E7465D /* Main.storyboard */,
				45E603DE233A4C8200E7465D /* Assets.xcassets */,
				45E603E0233A4C8200E7465D /* LaunchScreen.storyboard */,
				45E603E3233A4C8200E7465D /* Info.plist */,
			);
			path = DemoSPM;
			sourceTree = "<group>";
		};
/* End PBXGroup section */

/* Begin PBXNativeTarget section */
		45E603D1233A4C8100E7465D /* DemoSPM */ = {
			isa = PBXNativeTarget;
			buildConfigurationList = 45E603E6233A4C8200E7465D /* Build configuration list for PBXNativeTarget "DemoSPM" */;
			buildPhases = (
				45E603CE233A4C8100E7465D /* Sources */,
				45E603CF233A4C8100E7465D /* Frameworks */,
				45E603D0233A4C8100E7465D /* Resources */,
			);
			buildRules = (
			);
			dependencies = (
			);
			name = DemoSPM;
			packageProductDependencies = (
				4581D3ED233A51F200A20379 /* RangeUISlider */,
			);
			productName = DemoSPM;
			productReference = 45E603D2233A4C8100E7465D /* DemoSPM.app */;
			productType = "com.apple.product-type.application";
		};
/* End PBXNativeTarget section */

/* Begin PBXProject section */
		45E603CA233A4C8100E7465D /* Project object */ = {
			isa = PBXProject;
			attributes = {
				LastSwiftUpdateCheck = 1100;
				LastUpgradeCheck = 1100;
				ORGANIZATIONNAME = "Fabrizio Duroni";
				TargetAttributes = {
					45E603D1233A4C8100E7465D = {
						CreatedOnToolsVersion = 11.0;
					};
				};
			};
			buildConfigurationList = 45E603CD233A4C8100E7465D /* Build configuration list for PBXProject "DemoSPM" */;
			compatibilityVersion = "Xcode 9.3";
			developmentRegion = en;
			hasScannedForEncodings = 0;
			knownRegions = (
				en,
				Base,
			);
			mainGroup = 45E603C9233A4C8100E7465D;
			packageReferences = (
				4581D3EC233A51F200A20379 /* XCRemoteSwiftPackageReference "RangeUISlider" */,
			);
			productRefGroup = 45E603D3233A4C8100E7465D /* Products */;
			projectDirPath = "";
			projectRoot = "";
			targets = (
				45E603D1233A4C8100E7465D /* DemoSPM */,
			);
		};
/* End PBXProject section */

/* Begin PBXResourcesBuildPhase section */
		45E603D0233A4C8100E7465D /* Resources */ = {
			isa = PBXResourcesBuildPhase;
			buildActionMask = 2147483647;
			files = (
				45E603E2233A4C8200E7465D /* LaunchScreen.storyboard in Resources */,
				45E603DF233A4C8200E7465D /* Assets.xcassets in Resources */,
				45E603DD233A4C8100E7465D /* Main.storyboard in Resources */,
			);
			runOnlyForDeploymentPostprocessing = 0;
		};
/* End PBXResourcesBuildPhase section */

/* Begin PBXSourcesBuildPhase section */
		45E603CE233A4C8100E7465D /* Sources */ = {
			isa = PBXSourcesBuildPhase;
			buildActionMask = 2147483647;
			files = (
				45E603DA233A4C8100E7465D /* ViewController.swift in Sources */,
				45E603D6233A4C8100E7465D /* AppDelegate.swift in Sources */,
				45E603D8233A4C8100E7465D /* SceneDelegate.swift in Sources */,
			);
			runOnlyForDeploymentPostprocessing = 0;
		};
/* End PBXSourcesBuildPhase section */

/* Begin PBXVariantGroup section */
		45E603DB233A4C8100E7465D /* Main.storyboard */ = {
			isa = PBXVariantGroup;
			children = (
				45E603DC233A4C8100E7465D /* Base */,
			);
			name = Main.storyboard;
			sourceTree = "<group>";
		};
		45E603E0233A4C8200E7465D /* LaunchScreen.storyboard */ = {
			isa = PBXVariantGroup;
			children = (
				45E603E1233A4C8200E7465D /* Base */,
			);
			name = LaunchScreen.storyboard;
			sourceTree = "<group>";
		};
/* End PBXVariantGroup section */

/* Begin XCBuildConfiguration section */
		45E603E4233A4C8200E7465D /* Debug */ = {
			isa = XCBuildConfiguration;
			buildSettings = {
				ALWAYS_SEARCH_USER_PATHS = NO;
				CLANG_ANALYZER_NONNULL = YES;
				CLANG_ANALYZER_NUMBER_OBJECT_CONVERSION = YES_AGGRESSIVE;
				CLANG_CXX_LANGUAGE_STANDARD = "gnu++14";
				CLANG_CXX_LIBRARY = "libc++";
				CLANG_ENABLE_MODULES = YES;
				CLANG_ENABLE_OBJC_ARC = YES;
				CLANG_ENABLE_OBJC_WEAK = YES;
				CLANG_WARN_BLOCK_CAPTURE_AUTORELEASING = YES;
				CLANG_WARN_BOOL_CONVERSION = YES;
				CLANG_WARN_COMMA = YES;
				CLANG_WARN_CONSTANT_CONVERSION = YES;
				CLANG_WARN_DEPRECATED_OBJC_IMPLEMENTATIONS = YES;
				CLANG_WARN_DIRECT_OBJC_ISA_USAGE = YES_ERROR;
				CLANG_WARN_DOCUMENTATION_COMMENTS = YES;
				CLANG_WARN_EMPTY_BODY = YES;
				CLANG_WARN_ENUM_CONVERSION = YES;
				CLANG_WARN_INFINITE_RECURSION = YES;
				CLANG_WARN_INT_CONVERSION = YES;
				CLANG_WARN_NON_LITERAL_NULL_CONVERSION = YES;
				CLANG_WARN_OBJC_IMPLICIT_RETAIN_SELF = YES;
				CLANG_WARN_OBJC_LITERAL_CONVERSION = YES;
				CLANG_WARN_OBJC_ROOT_CLASS = YES_ERROR;
				CLANG_WARN_RANGE_LOOP_ANALYSIS = YES;
				CLANG_WARN_STRICT_PROTOTYPES = YES;
				CLANG_WARN_SUSPICIOUS_MOVE = YES;
				CLANG_WARN_UNGUARDED_AVAILABILITY = YES_AGGRESSIVE;
				CLANG_WARN_UNREACHABLE_CODE = YES;
				CLANG_WARN__DUPLICATE_METHOD_MATCH = YES;
				COPY_PHASE_STRIP = NO;
				DEBUG_INFORMATION_FORMAT = dwarf;
				ENABLE_STRICT_OBJC_MSGSEND = YES;
				ENABLE_TESTABILITY = YES;
				GCC_C_LANGUAGE_STANDARD = gnu11;
				GCC_DYNAMIC_NO_PIC = NO;
				GCC_NO_COMMON_BLOCKS = YES;
				GCC_OPTIMIZATION_LEVEL = 0;
				GCC_PREPROCESSOR_DEFINITIONS = (
					"DEBUG=1",
					"$(inherited)",
				);
				GCC_WARN_64_TO_32_BIT_CONVERSION = YES;
				GCC_WARN_ABOUT_RETURN_TYPE = YES_ERROR;
				GCC_WARN_UNDECLARED_SELECTOR = YES;
				GCC_WARN_UNINITIALIZED_AUTOS = YES_AGGRESSIVE;
				GCC_WARN_UNUSED_FUNCTION = YES;
				GCC_WARN_UNUSED_VARIABLE = YES;
				IPHONEOS_DEPLOYMENT_TARGET = 13.0;
				MTL_ENABLE_DEBUG_INFO = INCLUDE_SOURCE;
				MTL_FAST_MATH = YES;
				ONLY_ACTIVE_ARCH = YES;
				SDKROOT = iphoneos;
				SWIFT_ACTIVE_COMPILATION_CONDITIONS = DEBUG;
				SWIFT_OPTIMIZATION_LEVEL = "-Onone";
			};
			name = Debug;
		};
		45E603E5233A4C8200E7465D /* Release */ = {
			isa = XCBuildConfiguration;
			buildSettings = {
				ALWAYS_SEARCH_USER_PATHS = NO;
				CLANG_ANALYZER_NONNULL = YES;
				CLANG_ANALYZER_NUMBER_OBJECT_CONVERSION = YES_AGGRESSIVE;
				CLANG_CXX_LANGUAGE_STANDARD = "gnu++14";
				CLANG_CXX_LIBRARY = "libc++";
				CLANG_ENABLE_MODULES = YES;
				CLANG_ENABLE_OBJC_ARC = YES;
				CLANG_ENABLE_OBJC_WEAK = YES;
				CLANG_WARN_BLOCK_CAPTURE_AUTORELEASING = YES;
				CLANG_WARN_BOOL_CONVERSION = YES;
				CLANG_WARN_COMMA = YES;
				CLANG_WARN_CONSTANT_CONVERSION = YES;
				CLANG_WARN_DEPRECATED_OBJC_IMPLEMENTATIONS = YES;
				CLANG_WARN_DIRECT_OBJC_ISA_USAGE = YES_ERROR;
				CLANG_WARN_DOCUMENTATION_COMMENTS = YES;
				CLANG_WARN_EMPTY_BODY = YES;
				CLANG_WARN_ENUM_CONVERSION = YES;
				CLANG_WARN_INFINITE_RECURSION = YES;
				CLANG_WARN_INT_CONVERSION = YES;
				CLANG_WARN_NON_LITERAL_NULL_CONVERSION = YES;
				CLANG_WARN_OBJC_IMPLICIT_RETAIN_SELF = YES;
				CLANG_WARN_OBJC_LITERAL_CONVERSION = YES;
				CLANG_WARN_OBJC_ROOT_CLASS = YES_ERROR;
				CLANG_WARN_RANGE_LOOP_ANALYSIS = YES;
				CLANG_WARN_STRICT_PROTOTYPES = YES;
				CLANG_WARN_SUSPICIOUS_MOVE = YES;
				CLANG_WARN_UNGUARDED_AVAILABILITY = YES_AGGRESSIVE;
				CLANG_WARN_UNREACHABLE_CODE = YES;
				CLANG_WARN__DUPLICATE_METHOD_MATCH = YES;
				COPY_PHASE_STRIP = NO;
				DEBUG_INFORMATION_FORMAT = "dwarf-with-dsym";
				ENABLE_NS_ASSERTIONS = NO;
				ENABLE_STRICT_OBJC_MSGSEND = YES;
				GCC_C_LANGUAGE_STANDARD = gnu11;
				GCC_NO_COMMON_BLOCKS = YES;
				GCC_WARN_64_TO_32_BIT_CONVERSION = YES;
				GCC_WARN_ABOUT_RETURN_TYPE = YES_ERROR;
				GCC_WARN_UNDECLARED_SELECTOR = YES;
				GCC_WARN_UNINITIALIZED_AUTOS = YES_AGGRESSIVE;
				GCC_WARN_UNUSED_FUNCTION = YES;
				GCC_WARN_UNUSED_VARIABLE = YES;
				IPHONEOS_DEPLOYMENT_TARGET = 13.0;
				MTL_ENABLE_DEBUG_INFO = NO;
				MTL_FAST_MATH = YES;
				SDKROOT = iphoneos;
				SWIFT_COMPILATION_MODE = wholemodule;
				SWIFT_OPTIMIZATION_LEVEL = "-O";
				VALIDATE_PRODUCT = YES;
			};
			name = Release;
		};
		45E603E7233A4C8200E7465D /* Debug */ = {
			isa = XCBuildConfiguration;
			buildSettings = {
				ASSETCATALOG_COMPILER_APPICON_NAME = AppIcon;
				CODE_SIGN_STYLE = Automatic;
				DEVELOPMENT_TEAM = Y682K92RZU;
				INFOPLIST_FILE = DemoSPM/Info.plist;
				LD_RUNPATH_SEARCH_PATHS = (
					"$(inherited)",
					"@executable_path/Frameworks",
				);
				PRODUCT_BUNDLE_IDENTIFIER = it.chicio.DemoSPM;
				PRODUCT_NAME = "$(TARGET_NAME)";
				SWIFT_VERSION = 5.0;
				TARGETED_DEVICE_FAMILY = "1,2";
			};
			name = Debug;
		};
		45E603E8233A4C8200E7465D /* Release */ = {
			isa = XCBuildConfiguration;
			buildSettings = {
				ASSETCATALOG_COMPILER_APPICON_NAME = AppIcon;
				CODE_SIGN_STYLE = Automatic;
				DEVELOPMENT_TEAM = Y682K92RZU;
				INFOPLIST_FILE = DemoSPM/Info.plist;
				LD_RUNPATH_SEARCH_PATHS = (
					"$(inherited)",
					"@executable_path/Frameworks",
				);
				PRODUCT_BUNDLE_IDENTIFIER = it.chicio.DemoSPM;
				PRODUCT_NAME = "$(TARGET_NAME)";
				SWIFT_VERSION = 5.0;
				TARGETED_DEVICE_FAMILY = "1,2";
			};
			name = Release;
		};
/* End XCBuildConfiguration section */

/* Begin XCConfigurationList section */
		45E603CD233A4C8100E7465D /* Build configuration list for PBXProject "DemoSPM" */ = {
			isa = XCConfigurationList;
			buildConfigurations = (
				45E603E4233A4C8200E7465D /* Debug */,
				45E603E5233A4C8200E7465D /* Release */,
			);
			defaultConfigurationIsVisible = 0;
			defaultConfigurationName = Release;
		};
		45E603E6233A4C8200E7465D /* Build configuration list for PBXNativeTarget "DemoSPM" */ = {
			isa = XCConfigurationList;
			buildConfigurations = (
				45E603E7233A4C8200E7465D /* Debug */,
				45E603E8233A4C8200E7465D /* Release */,
			);
			defaultConfigurationIsVisible = 0;
			defaultConfigurationName = Release;
		};
/* End XCConfigurationList section */

/* Begin XCRemoteSwiftPackageReference section */
		4581D3EC233A51F200A20379 /* XCRemoteSwiftPackageReference "RangeUISlider" */ = {
			isa = XCRemoteSwiftPackageReference;
			repositoryURL = "https://github.com/chicio/RangeUISlider";
			requirement = {
				branch = master;
				kind = branch;
			};
		};
/* End XCRemoteSwiftPackageReference section */

/* Begin XCSwiftPackageProductDependency section */
		4581D3ED233A51F200A20379 /* RangeUISlider */ = {
			isa = XCSwiftPackageProductDependency;
			package = 4581D3EC233A51F200A20379 /* XCRemoteSwiftPackageReference "RangeUISlider" */;
			productName = RangeUISlider;
		};
/* End XCSwiftPackageProductDependency section */
	};
	rootObject = 45E603CA233A4C8100E7465D /* Project object */;
}
