{
  "object": {
    "pins": [
      {
        "package": "RangeUISlider",
        "repositoryURL": "https://github.com/chicio/RangeUISlider",
        "state": {
          "branch": "master",
          "revision": "c3fcfca2585a2e917b127e8cd2ae9fb8ab0a67e1",
          "version": null
        }
      }
    ]
  },
  "version": 1
}
