{
  "object": {
    "pins": [
      {
        "package": "RangeUISlider",
        "repositoryURL": "https://github.com/chicio/RangeUISlider",
        "state": {
          "branch": "master",
          "revision": "13472b9cf97c07646de8564f17bd30b397632647",
          "version": null
        }
      }
    ]
  },
  "version": 1
}
